// !$*UTF8*$!
{
	archiveVersion = 1;
	classes = {
	};
	objectVersion = 46;
	objects = {

/* Begin PBXBuildFile section */
		1C66C74C48E6EEECCAAF706F /* libPods.a in Frameworks */ = {isa = PBXBuildFile; fileRef = 09ED19D657E6759774FC3E94 /* libPods.a */; };
		CC451A991A8E5B5D009AD5D3 /* GameDetailViewController.m in Sources */ = {isa = PBXBuildFile; fileRef = CC451A981A8E5B5D009AD5D3 /* GameDetailViewController.m */; };
		CC5244D81A89456900F52859 /* Game.m in Sources */ = {isa = PBXBuildFile; fileRef = CC5244D71A89456900F52859 /* Game.m */; };
		CC558DBF1A93B31C00AE0566 /* Accounts.framework in Frameworks */ = {isa = PBXBuildFile; fileRef = CC558DBE1A93B31C00AE0566 /* Accounts.framework */; };
		CC558DC11A93B33500AE0566 /* Social.framework in Frameworks */ = {isa = PBXBuildFile; fileRef = CC558DC01A93B33500AE0566 /* Social.framework */; };
		CC558DCA1A93B82A00AE0566 /* libstdc++.6.dylib in Frameworks */ = {isa = PBXBuildFile; fileRef = CC558DC91A93B82A00AE0566 /* libstdc++.6.dylib */; };
		CC558DCD1A93C93900AE0566 /* CategoryModalViewController.m in Sources */ = {isa = PBXBuildFile; fileRef = CC558DCC1A93C93900AE0566 /* CategoryModalViewController.m */; };
		CC558DD01A9436EF00AE0566 /* PresentingAnimation.m in Sources */ = {isa = PBXBuildFile; fileRef = CC558DCF1A9436EF00AE0566 /* PresentingAnimation.m */; };
		CC558DD41A94C06000AE0566 /* DismissingAnimation.m in Sources */ = {isa = PBXBuildFile; fileRef = CC558DD31A94C06000AE0566 /* DismissingAnimation.m */; };
		CC558DD71A94CA5B00AE0566 /* StartTimeModalViewController.m in Sources */ = {isa = PBXBuildFile; fileRef = CC558DD61A94CA5B00AE0566 /* StartTimeModalViewController.m */; };
		CC558DDB1A94CAB500AE0566 /* EndTimeModalViewController.m in Sources */ = {isa = PBXBuildFile; fileRef = CC558DDA1A94CAB500AE0566 /* EndTimeModalViewController.m */; };
		CCBA1B081A8BF3E200018FC7 /* HomeParksViewController.m in Sources */ = {isa = PBXBuildFile; fileRef = CCBA1B071A8BF3E200018FC7 /* HomeParksViewController.m */; };
		CCBC36E51A9789A400B99BD7 /* KatieFile.m in Sources */ = {isa = PBXBuildFile; fileRef = CCBC36E41A9789A400B99BD7 /* KatieFile.m */; };
		CCC522911A8D47370075DC24 /* HomeParksTableViewCell.m in Sources */ = {isa = PBXBuildFile; fileRef = CCC522901A8D47370075DC24 /* HomeParksTableViewCell.m */; };
		F9110BBA1A96516F0002AD85 /* EditInterestsModalViewController.m in Sources */ = {isa = PBXBuildFile; fileRef = F9110BB91A96516F0002AD85 /* EditInterestsModalViewController.m */; };
		F9110BBD1A969C1C0002AD85 /* EditCollectionViewCell.m in Sources */ = {isa = PBXBuildFile; fileRef = F9110BBC1A969C1C0002AD85 /* EditCollectionViewCell.m */; };
		F92CEFB41A89509D005CD279 /* PickUpGameTableViewCell.m in Sources */ = {isa = PBXBuildFile; fileRef = F92CEFB31A89509D005CD279 /* PickUpGameTableViewCell.m */; };
		F92CEFB71A8952B3005CD279 /* NewEventViewController.m in Sources */ = {isa = PBXBuildFile; fileRef = F92CEFB61A8952B3005CD279 /* NewEventViewController.m */; };
		F93463821A93B73300600BED /* InterestsCollectionViewController.m in Sources */ = {isa = PBXBuildFile; fileRef = F93463811A93B73300600BED /* InterestsCollectionViewController.m */; };
		F93463851A93BBC100600BED /* CustomCollectionViewCell.m in Sources */ = {isa = PBXBuildFile; fileRef = F93463841A93BBC100600BED /* CustomCollectionViewCell.m */; };
		F93463881A93DA6100600BED /* Interest.m in Sources */ = {isa = PBXBuildFile; fileRef = F93463871A93DA6100600BED /* Interest.m */; };
		F953F0031A8A651F00667C19 /* RootViewController.m in Sources */ = {isa = PBXBuildFile; fileRef = F953F0021A8A651F00667C19 /* RootViewController.m */; };
		F9C2F54A1A8915BE00342CE8 /* main.m in Sources */ = {isa = PBXBuildFile; fileRef = F9C2F5491A8915BE00342CE8 /* main.m */; };
		F9C2F54D1A8915BE00342CE8 /* AppDelegate.m in Sources */ = {isa = PBXBuildFile; fileRef = F9C2F54C1A8915BE00342CE8 /* AppDelegate.m */; };
		F9C2F5501A8915BE00342CE8 /* LoginViewController.m in Sources */ = {isa = PBXBuildFile; fileRef = F9C2F54F1A8915BE00342CE8 /* LoginViewController.m */; };
		F9C2F5531A8915BE00342CE8 /* Main.storyboard in Resources */ = {isa = PBXBuildFile; fileRef = F9C2F5511A8915BE00342CE8 /* Main.storyboard */; };
		F9C2F5551A8915BE00342CE8 /* Images.xcassets in Resources */ = {isa = PBXBuildFile; fileRef = F9C2F5541A8915BE00342CE8 /* Images.xcassets */; };
		F9C2F5581A8915BE00342CE8 /* LaunchScreen.xib in Resources */ = {isa = PBXBuildFile; fileRef = F9C2F5561A8915BE00342CE8 /* LaunchScreen.xib */; };
		F9C2F5641A8915BE00342CE8 /* iGotNextTests.m in Sources */ = {isa = PBXBuildFile; fileRef = F9C2F5631A8915BE00342CE8 /* iGotNextTests.m */; };
		F9C2F5721A891F3900342CE8 /* SearchViewController.m in Sources */ = {isa = PBXBuildFile; fileRef = F9C2F5711A891F3900342CE8 /* SearchViewController.m */; };
		F9C2F5751A891F4900342CE8 /* ProfileViewController.m in Sources */ = {isa = PBXBuildFile; fileRef = F9C2F5741A891F4900342CE8 /* ProfileViewController.m */; };
		F9C2F5781A891F8100342CE8 /* ActivityFeedViewController.m in Sources */ = {isa = PBXBuildFile; fileRef = F9C2F5771A891F8100342CE8 /* ActivityFeedViewController.m */; };
		F9C2F57B1A8920DE00342CE8 /* InterestsViewController.m in Sources */ = {isa = PBXBuildFile; fileRef = F9C2F57A1A8920DE00342CE8 /* InterestsViewController.m */; };
		F9C2F57E1A89242600342CE8 /* SystemConfiguration.framework in Frameworks */ = {isa = PBXBuildFile; fileRef = F9C2F57D1A89242600342CE8 /* SystemConfiguration.framework */; };
		F9C2F5801A89242D00342CE8 /* StoreKit.framework in Frameworks */ = {isa = PBXBuildFile; fileRef = F9C2F57F1A89242D00342CE8 /* StoreKit.framework */; };
		F9C2F5821A89243300342CE8 /* Security.framework in Frameworks */ = {isa = PBXBuildFile; fileRef = F9C2F5811A89243300342CE8 /* Security.framework */; };
		F9C2F5841A89243A00342CE8 /* QuartzCore.framework in Frameworks */ = {isa = PBXBuildFile; fileRef = F9C2F5831A89243A00342CE8 /* QuartzCore.framework */; };
		F9C2F5861A89244A00342CE8 /* MobileCoreServices.framework in Frameworks */ = {isa = PBXBuildFile; fileRef = F9C2F5851A89244A00342CE8 /* MobileCoreServices.framework */; };
		F9C2F5881A89245400342CE8 /* CoreLocation.framework in Frameworks */ = {isa = PBXBuildFile; fileRef = F9C2F5871A89245400342CE8 /* CoreLocation.framework */; };
		F9C2F58A1A89245D00342CE8 /* CoreGraphics.framework in Frameworks */ = {isa = PBXBuildFile; fileRef = F9C2F5891A89245D00342CE8 /* CoreGraphics.framework */; };
		F9C2F58C1A89246500342CE8 /* CFNetwork.framework in Frameworks */ = {isa = PBXBuildFile; fileRef = F9C2F58B1A89246500342CE8 /* CFNetwork.framework */; };
		F9C2F58E1A89247B00342CE8 /* AudioToolbox.framework in Frameworks */ = {isa = PBXBuildFile; fileRef = F9C2F58D1A89247B00342CE8 /* AudioToolbox.framework */; };
		F9C2F5951A89271300342CE8 /* Bolts.framework in Frameworks */ = {isa = PBXBuildFile; fileRef = F9C2F5901A89271300342CE8 /* Bolts.framework */; };
		F9C2F5961A89271300342CE8 /* Parse.framework in Frameworks */ = {isa = PBXBuildFile; fileRef = F9C2F5911A89271300342CE8 /* Parse.framework */; };
		F9C2F5971A89271300342CE8 /* ParseCrashReporting.framework in Frameworks */ = {isa = PBXBuildFile; fileRef = F9C2F5921A89271300342CE8 /* ParseCrashReporting.framework */; };
		F9C2F5991A89271300342CE8 /* ParseUI.framework in Frameworks */ = {isa = PBXBuildFile; fileRef = F9C2F5941A89271300342CE8 /* ParseUI.framework */; };
		F9C2F59B1A8927EF00342CE8 /* libz.dylib in Frameworks */ = {isa = PBXBuildFile; fileRef = F9C2F59A1A8927EF00342CE8 /* libz.dylib */; };
		F9C2F59D1A8927FD00342CE8 /* libsqlite3.dylib in Frameworks */ = {isa = PBXBuildFile; fileRef = F9C2F59C1A8927FD00342CE8 /* libsqlite3.dylib */; };
/* End PBXBuildFile section */

/* Begin PBXContainerItemProxy section */
		F9C2F55E1A8915BE00342CE8 /* PBXContainerItemProxy */ = {
			isa = PBXContainerItemProxy;
			containerPortal = F9C2F53C1A8915BE00342CE8 /* Project object */;
			proxyType = 1;
			remoteGlobalIDString = F9C2F5431A8915BE00342CE8;
			remoteInfo = iGotNext;
		};
/* End PBXContainerItemProxy section */

/* Begin PBXFileReference section */
		09ED19D657E6759774FC3E94 /* libPods.a */ = {isa = PBXFileReference; explicitFileType = archive.ar; includeInIndex = 0; path = libPods.a; sourceTree = BUILT_PRODUCTS_DIR; };
		1346EB1778F84773608B9199 /* Pods.release.xcconfig */ = {isa = PBXFileReference; includeInIndex = 1; lastKnownFileType = text.xcconfig; name = Pods.release.xcconfig; path = "Pods/Target Support Files/Pods/Pods.release.xcconfig"; sourceTree = "<group>"; };
		4761D9714831A8CF23D6AD10 /* Pods.debug.xcconfig */ = {isa = PBXFileReference; includeInIndex = 1; lastKnownFileType = text.xcconfig; name = Pods.debug.xcconfig; path = "Pods/Target Support Files/Pods/Pods.debug.xcconfig"; sourceTree = "<group>"; };
		CC451A971A8E5B5D009AD5D3 /* GameDetailViewController.h */ = {isa = PBXFileReference; fileEncoding = 4; lastKnownFileType = sourcecode.c.h; name = GameDetailViewController.h; path = ../GameDetailViewController.h; sourceTree = "<group>"; };
		CC451A981A8E5B5D009AD5D3 /* GameDetailViewController.m */ = {isa = PBXFileReference; fileEncoding = 4; lastKnownFileType = sourcecode.c.objc; name = GameDetailViewController.m; path = ../GameDetailViewController.m; sourceTree = "<group>"; };
		CC5244D61A89456900F52859 /* Game.h */ = {isa = PBXFileReference; fileEncoding = 4; lastKnownFileType = sourcecode.c.h; path = Game.h; sourceTree = "<group>"; };
		CC5244D71A89456900F52859 /* Game.m */ = {isa = PBXFileReference; fileEncoding = 4; lastKnownFileType = sourcecode.c.objc; path = Game.m; sourceTree = "<group>"; };
		CC558DBE1A93B31C00AE0566 /* Accounts.framework */ = {isa = PBXFileReference; lastKnownFileType = wrapper.framework; name = Accounts.framework; path = System/Library/Frameworks/Accounts.framework; sourceTree = SDKROOT; };
		CC558DC01A93B33500AE0566 /* Social.framework */ = {isa = PBXFileReference; lastKnownFileType = wrapper.framework; name = Social.framework; path = System/Library/Frameworks/Social.framework; sourceTree = SDKROOT; };
		CC558DC41A93B35400AE0566 /* libc++.dylib */ = {isa = PBXFileReference; lastKnownFileType = "compiled.mach-o.dylib"; name = "libc++.dylib"; path = "usr/lib/libc++.dylib"; sourceTree = SDKROOT; };
		CC558DC61A93B57400AE0566 /* Foundation.framework */ = {isa = PBXFileReference; lastKnownFileType = wrapper.framework; name = Foundation.framework; path = System/Library/Frameworks/Foundation.framework; sourceTree = SDKROOT; };
		CC558DC91A93B82A00AE0566 /* libstdc++.6.dylib */ = {isa = PBXFileReference; lastKnownFileType = "compiled.mach-o.dylib"; name = "libstdc++.6.dylib"; path = "usr/lib/libstdc++.6.dylib"; sourceTree = SDKROOT; };
		CC558DCB1A93C93900AE0566 /* CategoryModalViewController.h */ = {isa = PBXFileReference; fileEncoding = 4; lastKnownFileType = sourcecode.c.h; path = CategoryModalViewController.h; sourceTree = "<group>"; };
		CC558DCC1A93C93900AE0566 /* CategoryModalViewController.m */ = {isa = PBXFileReference; fileEncoding = 4; lastKnownFileType = sourcecode.c.objc; path = CategoryModalViewController.m; sourceTree = "<group>"; };
		CC558DCE1A9436EF00AE0566 /* PresentingAnimation.h */ = {isa = PBXFileReference; fileEncoding = 4; lastKnownFileType = sourcecode.c.h; path = PresentingAnimation.h; sourceTree = "<group>"; };
		CC558DCF1A9436EF00AE0566 /* PresentingAnimation.m */ = {isa = PBXFileReference; fileEncoding = 4; lastKnownFileType = sourcecode.c.objc; path = PresentingAnimation.m; sourceTree = "<group>"; };
		CC558DD21A94C06000AE0566 /* DismissingAnimation.h */ = {isa = PBXFileReference; fileEncoding = 4; lastKnownFileType = sourcecode.c.h; path = DismissingAnimation.h; sourceTree = "<group>"; };
		CC558DD31A94C06000AE0566 /* DismissingAnimation.m */ = {isa = PBXFileReference; fileEncoding = 4; lastKnownFileType = sourcecode.c.objc; path = DismissingAnimation.m; sourceTree = "<group>"; };
		CC558DD51A94CA5B00AE0566 /* StartTimeModalViewController.h */ = {isa = PBXFileReference; fileEncoding = 4; lastKnownFileType = sourcecode.c.h; path = StartTimeModalViewController.h; sourceTree = "<group>"; };
		CC558DD61A94CA5B00AE0566 /* StartTimeModalViewController.m */ = {isa = PBXFileReference; fileEncoding = 4; lastKnownFileType = sourcecode.c.objc; path = StartTimeModalViewController.m; sourceTree = "<group>"; };
		CC558DD91A94CAB500AE0566 /* EndTimeModalViewController.h */ = {isa = PBXFileReference; fileEncoding = 4; lastKnownFileType = sourcecode.c.h; path = EndTimeModalViewController.h; sourceTree = "<group>"; };
		CC558DDA1A94CAB500AE0566 /* EndTimeModalViewController.m */ = {isa = PBXFileReference; fileEncoding = 4; lastKnownFileType = sourcecode.c.objc; path = EndTimeModalViewController.m; sourceTree = "<group>"; };
		CCBA1B061A8BF3E200018FC7 /* HomeParksViewController.h */ = {isa = PBXFileReference; fileEncoding = 4; lastKnownFileType = sourcecode.c.h; path = HomeParksViewController.h; sourceTree = "<group>"; };
		CCBA1B071A8BF3E200018FC7 /* HomeParksViewController.m */ = {isa = PBXFileReference; fileEncoding = 4; lastKnownFileType = sourcecode.c.objc; path = HomeParksViewController.m; sourceTree = "<group>"; };
		CCBC36E31A9789A400B99BD7 /* KatieFile.h */ = {isa = PBXFileReference; fileEncoding = 4; lastKnownFileType = sourcecode.c.h; path = KatieFile.h; sourceTree = "<group>"; };
		CCBC36E41A9789A400B99BD7 /* KatieFile.m */ = {isa = PBXFileReference; fileEncoding = 4; lastKnownFileType = sourcecode.c.objc; path = KatieFile.m; sourceTree = "<group>"; };
		CCC5228F1A8D47370075DC24 /* HomeParksTableViewCell.h */ = {isa = PBXFileReference; fileEncoding = 4; lastKnownFileType = sourcecode.c.h; path = HomeParksTableViewCell.h; sourceTree = "<group>"; };
		CCC522901A8D47370075DC24 /* HomeParksTableViewCell.m */ = {isa = PBXFileReference; fileEncoding = 4; lastKnownFileType = sourcecode.c.objc; path = HomeParksTableViewCell.m; sourceTree = "<group>"; };
		F9110BB81A96516F0002AD85 /* EditInterestsModalViewController.h */ = {isa = PBXFileReference; fileEncoding = 4; lastKnownFileType = sourcecode.c.h; path = EditInterestsModalViewController.h; sourceTree = "<group>"; };
		F9110BB91A96516F0002AD85 /* EditInterestsModalViewController.m */ = {isa = PBXFileReference; fileEncoding = 4; lastKnownFileType = sourcecode.c.objc; path = EditInterestsModalViewController.m; sourceTree = "<group>"; };
		F9110BBB1A969C1C0002AD85 /* EditCollectionViewCell.h */ = {isa = PBXFileReference; fileEncoding = 4; lastKnownFileType = sourcecode.c.h; path = EditCollectionViewCell.h; sourceTree = "<group>"; };
		F9110BBC1A969C1C0002AD85 /* EditCollectionViewCell.m */ = {isa = PBXFileReference; fileEncoding = 4; lastKnownFileType = sourcecode.c.objc; path = EditCollectionViewCell.m; sourceTree = "<group>"; };
		F92CEFB21A89509D005CD279 /* PickUpGameTableViewCell.h */ = {isa = PBXFileReference; fileEncoding = 4; lastKnownFileType = sourcecode.c.h; path = PickUpGameTableViewCell.h; sourceTree = "<group>"; };
		F92CEFB31A89509D005CD279 /* PickUpGameTableViewCell.m */ = {isa = PBXFileReference; fileEncoding = 4; lastKnownFileType = sourcecode.c.objc; path = PickUpGameTableViewCell.m; sourceTree = "<group>"; };
		F92CEFB51A8952B3005CD279 /* NewEventViewController.h */ = {isa = PBXFileReference; fileEncoding = 4; lastKnownFileType = sourcecode.c.h; path = NewEventViewController.h; sourceTree = "<group>"; };
		F92CEFB61A8952B3005CD279 /* NewEventViewController.m */ = {isa = PBXFileReference; fileEncoding = 4; lastKnownFileType = sourcecode.c.objc; path = NewEventViewController.m; sourceTree = "<group>"; };
		F93463801A93B73300600BED /* InterestsCollectionViewController.h */ = {isa = PBXFileReference; fileEncoding = 4; lastKnownFileType = sourcecode.c.h; path = InterestsCollectionViewController.h; sourceTree = "<group>"; };
		F93463811A93B73300600BED /* InterestsCollectionViewController.m */ = {isa = PBXFileReference; fileEncoding = 4; lastKnownFileType = sourcecode.c.objc; path = InterestsCollectionViewController.m; sourceTree = "<group>"; };
		F93463831A93BBC100600BED /* CustomCollectionViewCell.h */ = {isa = PBXFileReference; fileEncoding = 4; lastKnownFileType = sourcecode.c.h; path = CustomCollectionViewCell.h; sourceTree = "<group>"; };
		F93463841A93BBC100600BED /* CustomCollectionViewCell.m */ = {isa = PBXFileReference; fileEncoding = 4; lastKnownFileType = sourcecode.c.objc; path = CustomCollectionViewCell.m; sourceTree = "<group>"; };
		F93463861A93DA6100600BED /* Interest.h */ = {isa = PBXFileReference; fileEncoding = 4; lastKnownFileType = sourcecode.c.h; name = Interest.h; path = ../Interest.h; sourceTree = "<group>"; };
		F93463871A93DA6100600BED /* Interest.m */ = {isa = PBXFileReference; fileEncoding = 4; lastKnownFileType = sourcecode.c.objc; name = Interest.m; path = ../Interest.m; sourceTree = "<group>"; };
		F953F0011A8A651F00667C19 /* RootViewController.h */ = {isa = PBXFileReference; fileEncoding = 4; lastKnownFileType = sourcecode.c.h; path = RootViewController.h; sourceTree = "<group>"; };
		F953F0021A8A651F00667C19 /* RootViewController.m */ = {isa = PBXFileReference; fileEncoding = 4; lastKnownFileType = sourcecode.c.objc; path = RootViewController.m; sourceTree = "<group>"; };
		F9C2F5441A8915BE00342CE8 /* iGotNext.app */ = {isa = PBXFileReference; explicitFileType = wrapper.application; includeInIndex = 0; path = iGotNext.app; sourceTree = BUILT_PRODUCTS_DIR; };
		F9C2F5481A8915BE00342CE8 /* Info.plist */ = {isa = PBXFileReference; lastKnownFileType = text.plist.xml; path = Info.plist; sourceTree = "<group>"; };
		F9C2F5491A8915BE00342CE8 /* main.m */ = {isa = PBXFileReference; lastKnownFileType = sourcecode.c.objc; path = main.m; sourceTree = "<group>"; };
		F9C2F54B1A8915BE00342CE8 /* AppDelegate.h */ = {isa = PBXFileReference; lastKnownFileType = sourcecode.c.h; path = AppDelegate.h; sourceTree = "<group>"; };
		F9C2F54C1A8915BE00342CE8 /* AppDelegate.m */ = {isa = PBXFileReference; lastKnownFileType = sourcecode.c.objc; path = AppDelegate.m; sourceTree = "<group>"; };
		F9C2F54E1A8915BE00342CE8 /* LoginViewController.h */ = {isa = PBXFileReference; lastKnownFileType = sourcecode.c.h; path = LoginViewController.h; sourceTree = "<group>"; };
		F9C2F54F1A8915BE00342CE8 /* LoginViewController.m */ = {isa = PBXFileReference; lastKnownFileType = sourcecode.c.objc; path = LoginViewController.m; sourceTree = "<group>"; };
		F9C2F5521A8915BE00342CE8 /* Base */ = {isa = PBXFileReference; lastKnownFileType = file.storyboard; name = Base; path = Base.lproj/Main.storyboard; sourceTree = "<group>"; };
		F9C2F5541A8915BE00342CE8 /* Images.xcassets */ = {isa = PBXFileReference; lastKnownFileType = folder.assetcatalog; path = Images.xcassets; sourceTree = "<group>"; };
		F9C2F5571A8915BE00342CE8 /* Base */ = {isa = PBXFileReference; lastKnownFileType = file.xib; name = Base; path = Base.lproj/LaunchScreen.xib; sourceTree = "<group>"; };
		F9C2F55D1A8915BE00342CE8 /* iGotNextTests.xctest */ = {isa = PBXFileReference; explicitFileType = wrapper.cfbundle; includeInIndex = 0; path = iGotNextTests.xctest; sourceTree = BUILT_PRODUCTS_DIR; };
		F9C2F5621A8915BE00342CE8 /* Info.plist */ = {isa = PBXFileReference; lastKnownFileType = text.plist.xml; path = Info.plist; sourceTree = "<group>"; };
		F9C2F5631A8915BE00342CE8 /* iGotNextTests.m */ = {isa = PBXFileReference; lastKnownFileType = sourcecode.c.objc; path = iGotNextTests.m; sourceTree = "<group>"; };
		F9C2F5701A891F3900342CE8 /* SearchViewController.h */ = {isa = PBXFileReference; fileEncoding = 4; lastKnownFileType = sourcecode.c.h; path = SearchViewController.h; sourceTree = "<group>"; };
		F9C2F5711A891F3900342CE8 /* SearchViewController.m */ = {isa = PBXFileReference; fileEncoding = 4; lastKnownFileType = sourcecode.c.objc; path = SearchViewController.m; sourceTree = "<group>"; };
		F9C2F5731A891F4900342CE8 /* ProfileViewController.h */ = {isa = PBXFileReference; fileEncoding = 4; lastKnownFileType = sourcecode.c.h; path = ProfileViewController.h; sourceTree = "<group>"; };
		F9C2F5741A891F4900342CE8 /* ProfileViewController.m */ = {isa = PBXFileReference; fileEncoding = 4; lastKnownFileType = sourcecode.c.objc; path = ProfileViewController.m; sourceTree = "<group>"; };
		F9C2F5761A891F8100342CE8 /* ActivityFeedViewController.h */ = {isa = PBXFileReference; fileEncoding = 4; lastKnownFileType = sourcecode.c.h; path = ActivityFeedViewController.h; sourceTree = "<group>"; };
		F9C2F5771A891F8100342CE8 /* ActivityFeedViewController.m */ = {isa = PBXFileReference; fileEncoding = 4; lastKnownFileType = sourcecode.c.objc; path = ActivityFeedViewController.m; sourceTree = "<group>"; };
		F9C2F5791A8920DE00342CE8 /* InterestsViewController.h */ = {isa = PBXFileReference; fileEncoding = 4; lastKnownFileType = sourcecode.c.h; path = InterestsViewController.h; sourceTree = "<group>"; };
		F9C2F57A1A8920DE00342CE8 /* InterestsViewController.m */ = {isa = PBXFileReference; fileEncoding = 4; lastKnownFileType = sourcecode.c.objc; path = InterestsViewController.m; sourceTree = "<group>"; };
		F9C2F57D1A89242600342CE8 /* SystemConfiguration.framework */ = {isa = PBXFileReference; lastKnownFileType = wrapper.framework; name = SystemConfiguration.framework; path = System/Library/Frameworks/SystemConfiguration.framework; sourceTree = SDKROOT; };
		F9C2F57F1A89242D00342CE8 /* StoreKit.framework */ = {isa = PBXFileReference; lastKnownFileType = wrapper.framework; name = StoreKit.framework; path = System/Library/Frameworks/StoreKit.framework; sourceTree = SDKROOT; };
		F9C2F5811A89243300342CE8 /* Security.framework */ = {isa = PBXFileReference; lastKnownFileType = wrapper.framework; name = Security.framework; path = System/Library/Frameworks/Security.framework; sourceTree = SDKROOT; };
		F9C2F5831A89243A00342CE8 /* QuartzCore.framework */ = {isa = PBXFileReference; lastKnownFileType = wrapper.framework; name = QuartzCore.framework; path = System/Library/Frameworks/QuartzCore.framework; sourceTree = SDKROOT; };
		F9C2F5851A89244A00342CE8 /* MobileCoreServices.framework */ = {isa = PBXFileReference; lastKnownFileType = wrapper.framework; name = MobileCoreServices.framework; path = System/Library/Frameworks/MobileCoreServices.framework; sourceTree = SDKROOT; };
		F9C2F5871A89245400342CE8 /* CoreLocation.framework */ = {isa = PBXFileReference; lastKnownFileType = wrapper.framework; name = CoreLocation.framework; path = System/Library/Frameworks/CoreLocation.framework; sourceTree = SDKROOT; };
		F9C2F5891A89245D00342CE8 /* CoreGraphics.framework */ = {isa = PBXFileReference; lastKnownFileType = wrapper.framework; name = CoreGraphics.framework; path = System/Library/Frameworks/CoreGraphics.framework; sourceTree = SDKROOT; };
		F9C2F58B1A89246500342CE8 /* CFNetwork.framework */ = {isa = PBXFileReference; lastKnownFileType = wrapper.framework; name = CFNetwork.framework; path = System/Library/Frameworks/CFNetwork.framework; sourceTree = SDKROOT; };
		F9C2F58D1A89247B00342CE8 /* AudioToolbox.framework */ = {isa = PBXFileReference; lastKnownFileType = wrapper.framework; name = AudioToolbox.framework; path = System/Library/Frameworks/AudioToolbox.framework; sourceTree = SDKROOT; };
		F9C2F5901A89271300342CE8 /* Bolts.framework */ = {isa = PBXFileReference; lastKnownFileType = wrapper.framework; path = Bolts.framework; sourceTree = "<group>"; };
		F9C2F5911A89271300342CE8 /* Parse.framework */ = {isa = PBXFileReference; lastKnownFileType = wrapper.framework; path = Parse.framework; sourceTree = "<group>"; };
		F9C2F5921A89271300342CE8 /* ParseCrashReporting.framework */ = {isa = PBXFileReference; lastKnownFileType = wrapper.framework; path = ParseCrashReporting.framework; sourceTree = "<group>"; };
		F9C2F5931A89271300342CE8 /* ParseFacebookUtils.framework */ = {isa = PBXFileReference; lastKnownFileType = wrapper.framework; path = ParseFacebookUtils.framework; sourceTree = "<group>"; };
		F9C2F5941A89271300342CE8 /* ParseUI.framework */ = {isa = PBXFileReference; lastKnownFileType = wrapper.framework; path = ParseUI.framework; sourceTree = "<group>"; };
		F9C2F59A1A8927EF00342CE8 /* libz.dylib */ = {isa = PBXFileReference; lastKnownFileType = "compiled.mach-o.dylib"; name = libz.dylib; path = usr/lib/libz.dylib; sourceTree = SDKROOT; };
		F9C2F59C1A8927FD00342CE8 /* libsqlite3.dylib */ = {isa = PBXFileReference; lastKnownFileType = "compiled.mach-o.dylib"; name = libsqlite3.dylib; path = usr/lib/libsqlite3.dylib; sourceTree = SDKROOT; };
/* End PBXFileReference section */

/* Begin PBXFrameworksBuildPhase section */
		F9C2F5411A8915BE00342CE8 /* Frameworks */ = {
			isa = PBXFrameworksBuildPhase;
			buildActionMask = 2147483647;
			files = (
				CC558DCA1A93B82A00AE0566 /* libstdc++.6.dylib in Frameworks */,
				F9C2F59D1A8927FD00342CE8 /* libsqlite3.dylib in Frameworks */,
				CC558DC11A93B33500AE0566 /* Social.framework in Frameworks */,
				CC558DBF1A93B31C00AE0566 /* Accounts.framework in Frameworks */,
				F9C2F59B1A8927EF00342CE8 /* libz.dylib in Frameworks */,
				F9C2F58E1A89247B00342CE8 /* AudioToolbox.framework in Frameworks */,
				F9C2F58C1A89246500342CE8 /* CFNetwork.framework in Frameworks */,
				F9C2F5991A89271300342CE8 /* ParseUI.framework in Frameworks */,
				F9C2F58A1A89245D00342CE8 /* CoreGraphics.framework in Frameworks */,
				F9C2F5881A89245400342CE8 /* CoreLocation.framework in Frameworks */,
				F9C2F5861A89244A00342CE8 /* MobileCoreServices.framework in Frameworks */,
				F9C2F5951A89271300342CE8 /* Bolts.framework in Frameworks */,
				F9C2F5961A89271300342CE8 /* Parse.framework in Frameworks */,
				F9C2F5971A89271300342CE8 /* ParseCrashReporting.framework in Frameworks */,
				F9C2F5841A89243A00342CE8 /* QuartzCore.framework in Frameworks */,
				F9C2F5821A89243300342CE8 /* Security.framework in Frameworks */,
				F9C2F5801A89242D00342CE8 /* StoreKit.framework in Frameworks */,
				F9C2F57E1A89242600342CE8 /* SystemConfiguration.framework in Frameworks */,
				1C66C74C48E6EEECCAAF706F /* libPods.a in Frameworks */,
			);
			runOnlyForDeploymentPostprocessing = 0;
		};
		F9C2F55A1A8915BE00342CE8 /* Frameworks */ = {
			isa = PBXFrameworksBuildPhase;
			buildActionMask = 2147483647;
			files = (
			);
			runOnlyForDeploymentPostprocessing = 0;
		};
/* End PBXFrameworksBuildPhase section */

/* Begin PBXGroup section */
		163C19005318FBADAAECFBD8 /* Frameworks */ = {
			isa = PBXGroup;
			children = (
				CC558DC91A93B82A00AE0566 /* libstdc++.6.dylib */,
				CC558DC61A93B57400AE0566 /* Foundation.framework */,
				F9C2F59C1A8927FD00342CE8 /* libsqlite3.dylib */,
				F9C2F59A1A8927EF00342CE8 /* libz.dylib */,
				F9C2F58F1A89271300342CE8 /* parse-library-1.6.2 */,
				F9C2F58D1A89247B00342CE8 /* AudioToolbox.framework */,
				F9C2F58B1A89246500342CE8 /* CFNetwork.framework */,
				F9C2F5891A89245D00342CE8 /* CoreGraphics.framework */,
				F9C2F5871A89245400342CE8 /* CoreLocation.framework */,
				F9C2F5851A89244A00342CE8 /* MobileCoreServices.framework */,
				F9C2F5831A89243A00342CE8 /* QuartzCore.framework */,
				F9C2F5811A89243300342CE8 /* Security.framework */,
				F9C2F57F1A89242D00342CE8 /* StoreKit.framework */,
				F9C2F57D1A89242600342CE8 /* SystemConfiguration.framework */,
				CC558DC41A93B35400AE0566 /* libc++.dylib */,
				CC558DC01A93B33500AE0566 /* Social.framework */,
				CC558DBE1A93B31C00AE0566 /* Accounts.framework */,
				09ED19D657E6759774FC3E94 /* libPods.a */,
			);
			name = Frameworks;
			sourceTree = "<group>";
		};
		A508D6031EDF22F7C674FC97 /* Pods */ = {
			isa = PBXGroup;
			children = (
				4761D9714831A8CF23D6AD10 /* Pods.debug.xcconfig */,
				1346EB1778F84773608B9199 /* Pods.release.xcconfig */,
			);
			name = Pods;
			sourceTree = "<group>";
		};
		CC5244DC1A89458E00F52859 /* Model */ = {
			isa = PBXGroup;
			children = (
				F93463861A93DA6100600BED /* Interest.h */,
				F93463871A93DA6100600BED /* Interest.m */,
				CCC5228F1A8D47370075DC24 /* HomeParksTableViewCell.h */,
				CCC522901A8D47370075DC24 /* HomeParksTableViewCell.m */,
				CC5244D61A89456900F52859 /* Game.h */,
				CC5244D71A89456900F52859 /* Game.m */,
			);
			name = Model;
			sourceTree = "<group>";
		};
		CC558DD11A94C03B00AE0566 /* Animation */ = {
			isa = PBXGroup;
			children = (
				CC558DCE1A9436EF00AE0566 /* PresentingAnimation.h */,
				CC558DCF1A9436EF00AE0566 /* PresentingAnimation.m */,
				CC558DD21A94C06000AE0566 /* DismissingAnimation.h */,
				CC558DD31A94C06000AE0566 /* DismissingAnimation.m */,
			);
			name = Animation;
			sourceTree = "<group>";
		};
		CC558DD81A94CA6000AE0566 /* Modal Views */ = {
			isa = PBXGroup;
			children = (
				CC558DCB1A93C93900AE0566 /* CategoryModalViewController.h */,
				CC558DCC1A93C93900AE0566 /* CategoryModalViewController.m */,
				CC558DD51A94CA5B00AE0566 /* StartTimeModalViewController.h */,
				CC558DD61A94CA5B00AE0566 /* StartTimeModalViewController.m */,
				CC558DD91A94CAB500AE0566 /* EndTimeModalViewController.h */,
				CC558DDA1A94CAB500AE0566 /* EndTimeModalViewController.m */,
				F9110BB81A96516F0002AD85 /* EditInterestsModalViewController.h */,
				F9110BB91A96516F0002AD85 /* EditInterestsModalViewController.m */,
				F9110BBB1A969C1C0002AD85 /* EditCollectionViewCell.h */,
				F9110BBC1A969C1C0002AD85 /* EditCollectionViewCell.m */,
			);
			name = "Modal Views";
			sourceTree = "<group>";
		};
		CCBC36E61A97C5D800B99BD7 /* TableViewCell */ = {
			isa = PBXGroup;
			children = (
				F92CEFB21A89509D005CD279 /* PickUpGameTableViewCell.h */,
				F92CEFB31A89509D005CD279 /* PickUpGameTableViewCell.m */,
			);
			name = TableViewCell;
			sourceTree = "<group>";
		};
		F9C2F53B1A8915BE00342CE8 = {
			isa = PBXGroup;
			children = (
				F9C2F5461A8915BE00342CE8 /* iGotNext */,
				F9C2F5601A8915BE00342CE8 /* iGotNextTests */,
				F9C2F5451A8915BE00342CE8 /* Products */,
				A508D6031EDF22F7C674FC97 /* Pods */,
				163C19005318FBADAAECFBD8 /* Frameworks */,
			);
			sourceTree = "<group>";
		};
		F9C2F5451A8915BE00342CE8 /* Products */ = {
			isa = PBXGroup;
			children = (
				F9C2F5441A8915BE00342CE8 /* iGotNext.app */,
				F9C2F55D1A8915BE00342CE8 /* iGotNextTests.xctest */,
			);
			name = Products;
			sourceTree = "<group>";
		};
		F9C2F5461A8915BE00342CE8 /* iGotNext */ = {
			isa = PBXGroup;
			children = (
				F9C2F54B1A8915BE00342CE8 /* AppDelegate.h */,
				F9C2F54C1A8915BE00342CE8 /* AppDelegate.m */,
				F9C2F5511A8915BE00342CE8 /* Main.storyboard */,
				F93463831A93BBC100600BED /* CustomCollectionViewCell.h */,
				F93463841A93BBC100600BED /* CustomCollectionViewCell.m */,
				CCBC36E61A97C5D800B99BD7 /* TableViewCell */,
				F93463801A93B73300600BED /* InterestsCollectionViewController.h */,
				F93463811A93B73300600BED /* InterestsCollectionViewController.m */,
				F953F0011A8A651F00667C19 /* RootViewController.h */,
				F953F0021A8A651F00667C19 /* RootViewController.m */,
				F9C2F54E1A8915BE00342CE8 /* LoginViewController.h */,
				F9C2F54F1A8915BE00342CE8 /* LoginViewController.m */,
				F9C2F5791A8920DE00342CE8 /* InterestsViewController.h */,
				F9C2F57A1A8920DE00342CE8 /* InterestsViewController.m */,
				F92CEFB51A8952B3005CD279 /* NewEventViewController.h */,
				F92CEFB61A8952B3005CD279 /* NewEventViewController.m */,
				CC558DD81A94CA6000AE0566 /* Modal Views */,
				CC451A971A8E5B5D009AD5D3 /* GameDetailViewController.h */,
				CC451A981A8E5B5D009AD5D3 /* GameDetailViewController.m */,
				CC558DD11A94C03B00AE0566 /* Animation */,
				CC5244DC1A89458E00F52859 /* Model */,
				F9C2F57C1A89219400342CE8 /* Tab Bar View Controllers */,
				F9C2F5541A8915BE00342CE8 /* Images.xcassets */,
				F9C2F5561A8915BE00342CE8 /* LaunchScreen.xib */,
				F9C2F5471A8915BE00342CE8 /* Supporting Files */,
			);
			path = iGotNext;
			sourceTree = "<group>";
		};
		F9C2F5471A8915BE00342CE8 /* Supporting Files */ = {
			isa = PBXGroup;
			children = (
				F9C2F5481A8915BE00342CE8 /* Info.plist */,
				F9C2F5491A8915BE00342CE8 /* main.m */,
			);
			name = "Supporting Files";
			sourceTree = "<group>";
		};
		F9C2F5601A8915BE00342CE8 /* iGotNextTests */ = {
			isa = PBXGroup;
			children = (
				F9C2F5631A8915BE00342CE8 /* iGotNextTests.m */,
				F9C2F5611A8915BE00342CE8 /* Supporting Files */,
			);
			path = iGotNextTests;
			sourceTree = "<group>";
		};
		F9C2F5611A8915BE00342CE8 /* Supporting Files */ = {
			isa = PBXGroup;
			children = (
				F9C2F5621A8915BE00342CE8 /* Info.plist */,
			);
			name = "Supporting Files";
			sourceTree = "<group>";
		};
		F9C2F57C1A89219400342CE8 /* Tab Bar View Controllers */ = {
			isa = PBXGroup;
			children = (
				CCBA1B061A8BF3E200018FC7 /* HomeParksViewController.h */,
				CCBA1B071A8BF3E200018FC7 /* HomeParksViewController.m */,
				CCBC36E31A9789A400B99BD7 /* KatieFile.h */,
				CCBC36E41A9789A400B99BD7 /* KatieFile.m */,
				F9C2F5701A891F3900342CE8 /* SearchViewController.h */,
				F9C2F5711A891F3900342CE8 /* SearchViewController.m */,
				F9C2F5731A891F4900342CE8 /* ProfileViewController.h */,
				F9C2F5741A891F4900342CE8 /* ProfileViewController.m */,
				F9C2F5761A891F8100342CE8 /* ActivityFeedViewController.h */,
				F9C2F5771A891F8100342CE8 /* ActivityFeedViewController.m */,
			);
			name = "Tab Bar View Controllers";
			sourceTree = "<group>";
		};
		F9C2F58F1A89271300342CE8 /* parse-library-1.6.2 */ = {
			isa = PBXGroup;
			children = (
				F9C2F5901A89271300342CE8 /* Bolts.framework */,
				F9C2F5911A89271300342CE8 /* Parse.framework */,
				F9C2F5921A89271300342CE8 /* ParseCrashReporting.framework */,
				F9C2F5931A89271300342CE8 /* ParseFacebookUtils.framework */,
				F9C2F5941A89271300342CE8 /* ParseUI.framework */,
			);
			path = "parse-library-1.6.2";
			sourceTree = "<group>";
		};
/* End PBXGroup section */

/* Begin PBXNativeTarget section */
		F9C2F5431A8915BE00342CE8 /* iGotNext */ = {
			isa = PBXNativeTarget;
			buildConfigurationList = F9C2F5671A8915BF00342CE8 /* Build configuration list for PBXNativeTarget "iGotNext" */;
			buildPhases = (
				B3FC8C5B1A1F05FACD205BAC /* Check Pods Manifest.lock */,
				F9C2F5401A8915BE00342CE8 /* Sources */,
				F9C2F5411A8915BE00342CE8 /* Frameworks */,
				F9C2F5421A8915BE00342CE8 /* Resources */,
				3EA603570A930AE344DDFBCD /* Copy Pods Resources */,
			);
			buildRules = (
			);
			dependencies = (
			);
			name = iGotNext;
			productName = iGotNext;
			productReference = F9C2F5441A8915BE00342CE8 /* iGotNext.app */;
			productType = "com.apple.product-type.application";
		};
		F9C2F55C1A8915BE00342CE8 /* iGotNextTests */ = {
			isa = PBXNativeTarget;
			buildConfigurationList = F9C2F56A1A8915BF00342CE8 /* Build configuration list for PBXNativeTarget "iGotNextTests" */;
			buildPhases = (
				F9C2F5591A8915BE00342CE8 /* Sources */,
				F9C2F55A1A8915BE00342CE8 /* Frameworks */,
				F9C2F55B1A8915BE00342CE8 /* Resources */,
			);
			buildRules = (
			);
			dependencies = (
				F9C2F55F1A8915BE00342CE8 /* PBXTargetDependency */,
			);
			name = iGotNextTests;
			productName = iGotNextTests;
			productReference = F9C2F55D1A8915BE00342CE8 /* iGotNextTests.xctest */;
			productType = "com.apple.product-type.bundle.unit-test";
		};
/* End PBXNativeTarget section */

/* Begin PBXProject section */
		F9C2F53C1A8915BE00342CE8 /* Project object */ = {
			isa = PBXProject;
			attributes = {
				LastUpgradeCheck = 0610;
				ORGANIZATIONNAME = MobileMakers;
				TargetAttributes = {
					F9C2F5431A8915BE00342CE8 = {
						CreatedOnToolsVersion = 6.1.1;
					};
					F9C2F55C1A8915BE00342CE8 = {
						CreatedOnToolsVersion = 6.1.1;
						TestTargetID = F9C2F5431A8915BE00342CE8;
					};
				};
			};
			buildConfigurationList = F9C2F53F1A8915BE00342CE8 /* Build configuration list for PBXProject "iGotNext" */;
			compatibilityVersion = "Xcode 3.2";
			developmentRegion = English;
			hasScannedForEncodings = 0;
			knownRegions = (
				en,
				Base,
			);
			mainGroup = F9C2F53B1A8915BE00342CE8;
			productRefGroup = F9C2F5451A8915BE00342CE8 /* Products */;
			projectDirPath = "";
			projectRoot = "";
			targets = (
				F9C2F5431A8915BE00342CE8 /* iGotNext */,
				F9C2F55C1A8915BE00342CE8 /* iGotNextTests */,
			);
		};
/* End PBXProject section */

/* Begin PBXResourcesBuildPhase section */
		F9C2F5421A8915BE00342CE8 /* Resources */ = {
			isa = PBXResourcesBuildPhase;
			buildActionMask = 2147483647;
			files = (
				F9C2F5531A8915BE00342CE8 /* Main.storyboard in Resources */,
				F9C2F5581A8915BE00342CE8 /* LaunchScreen.xib in Resources */,
				F9C2F5551A8915BE00342CE8 /* Images.xcassets in Resources */,
			);
			runOnlyForDeploymentPostprocessing = 0;
		};
		F9C2F55B1A8915BE00342CE8 /* Resources */ = {
			isa = PBXResourcesBuildPhase;
			buildActionMask = 2147483647;
			files = (
			);
			runOnlyForDeploymentPostprocessing = 0;
		};
/* End PBXResourcesBuildPhase section */

/* Begin PBXShellScriptBuildPhase section */
		3EA603570A930AE344DDFBCD /* Copy Pods Resources */ = {
			isa = PBXShellScriptBuildPhase;
			buildActionMask = 2147483647;
			files = (
			);
			inputPaths = (
			);
			name = "Copy Pods Resources";
			outputPaths = (
			);
			runOnlyForDeploymentPostprocessing = 0;
			shellPath = /bin/sh;
			shellScript = "\"${SRCROOT}/Pods/Target Support Files/Pods/Pods-resources.sh\"\n";
			showEnvVarsInLog = 0;
		};
		B3FC8C5B1A1F05FACD205BAC /* Check Pods Manifest.lock */ = {
			isa = PBXShellScriptBuildPhase;
			buildActionMask = 2147483647;
			files = (
			);
			inputPaths = (
			);
			name = "Check Pods Manifest.lock";
			outputPaths = (
			);
			runOnlyForDeploymentPostprocessing = 0;
			shellPath = /bin/sh;
			shellScript = "diff \"${PODS_ROOT}/../Podfile.lock\" \"${PODS_ROOT}/Manifest.lock\" > /dev/null\nif [[ $? != 0 ]] ; then\n    cat << EOM\nerror: The sandbox is not in sync with the Podfile.lock. Run 'pod install' or update your CocoaPods installation.\nEOM\n    exit 1\nfi\n";
			showEnvVarsInLog = 0;
		};
/* End PBXShellScriptBuildPhase section */

/* Begin PBXSourcesBuildPhase section */
		F9C2F5401A8915BE00342CE8 /* Sources */ = {
			isa = PBXSourcesBuildPhase;
			buildActionMask = 2147483647;
			files = (
				F9110BBA1A96516F0002AD85 /* EditInterestsModalViewController.m in Sources */,
				F9C2F5501A8915BE00342CE8 /* LoginViewController.m in Sources */,
				CC451A991A8E5B5D009AD5D3 /* GameDetailViewController.m in Sources */,
				F9C2F54D1A8915BE00342CE8 /* AppDelegate.m in Sources */,
				CC558DD01A9436EF00AE0566 /* PresentingAnimation.m in Sources */,
				F953F0031A8A651F00667C19 /* RootViewController.m in Sources */,
				CC558DCD1A93C93900AE0566 /* CategoryModalViewController.m in Sources */,
				CCBA1B081A8BF3E200018FC7 /* HomeParksViewController.m in Sources */,
				CCBC36E51A9789A400B99BD7 /* KatieFile.m in Sources */,
				F9C2F5721A891F3900342CE8 /* SearchViewController.m in Sources */,
				F93463881A93DA6100600BED /* Interest.m in Sources */,
				CC5244D81A89456900F52859 /* Game.m in Sources */,
				F92CEFB71A8952B3005CD279 /* NewEventViewController.m in Sources */,
				CC558DDB1A94CAB500AE0566 /* EndTimeModalViewController.m in Sources */,
				F93463821A93B73300600BED /* InterestsCollectionViewController.m in Sources */,
				F9C2F54A1A8915BE00342CE8 /* main.m in Sources */,
				F9C2F57B1A8920DE00342CE8 /* InterestsViewController.m in Sources */,
				F92CEFB41A89509D005CD279 /* PickUpGameTableViewCell.m in Sources */,
				F9C2F5781A891F8100342CE8 /* ActivityFeedViewController.m in Sources */,
				CC558DD71A94CA5B00AE0566 /* StartTimeModalViewController.m in Sources */,
				F9110BBD1A969C1C0002AD85 /* EditCollectionViewCell.m in Sources */,
				F9C2F5751A891F4900342CE8 /* ProfileViewController.m in Sources */,
				CCC522911A8D47370075DC24 /* HomeParksTableViewCell.m in Sources */,
				F93463851A93BBC100600BED /* CustomCollectionViewCell.m in Sources */,
				CC558DD41A94C06000AE0566 /* DismissingAnimation.m in Sources */,
			);
			runOnlyForDeploymentPostprocessing = 0;
		};
		F9C2F5591A8915BE00342CE8 /* Sources */ = {
			isa = PBXSourcesBuildPhase;
			buildActionMask = 2147483647;
			files = (
				F9C2F5641A8915BE00342CE8 /* iGotNextTests.m in Sources */,
			);
			runOnlyForDeploymentPostprocessing = 0;
		};
/* End PBXSourcesBuildPhase section */

/* Begin PBXTargetDependency section */
		F9C2F55F1A8915BE00342CE8 /* PBXTargetDependency */ = {
			isa = PBXTargetDependency;
			target = F9C2F5431A8915BE00342CE8 /* iGotNext */;
			targetProxy = F9C2F55E1A8915BE00342CE8 /* PBXContainerItemProxy */;
		};
/* End PBXTargetDependency section */

/* Begin PBXVariantGroup section */
		F9C2F5511A8915BE00342CE8 /* Main.storyboard */ = {
			isa = PBXVariantGroup;
			children = (
				F9C2F5521A8915BE00342CE8 /* Base */,
			);
			name = Main.storyboard;
			sourceTree = "<group>";
		};
		F9C2F5561A8915BE00342CE8 /* LaunchScreen.xib */ = {
			isa = PBXVariantGroup;
			children = (
				F9C2F5571A8915BE00342CE8 /* Base */,
			);
			name = LaunchScreen.xib;
			sourceTree = "<group>";
		};
/* End PBXVariantGroup section */

/* Begin XCBuildConfiguration section */
		F9C2F5651A8915BF00342CE8 /* Debug */ = {
			isa = XCBuildConfiguration;
			buildSettings = {
				ALWAYS_SEARCH_USER_PATHS = NO;
				CLANG_CXX_LANGUAGE_STANDARD = "gnu++0x";
				CLANG_CXX_LIBRARY = "libc++";
				CLANG_ENABLE_MODULES = YES;
				CLANG_ENABLE_OBJC_ARC = YES;
				CLANG_WARN_BOOL_CONVERSION = YES;
				CLANG_WARN_CONSTANT_CONVERSION = YES;
				CLANG_WARN_DIRECT_OBJC_ISA_USAGE = YES_ERROR;
				CLANG_WARN_EMPTY_BODY = YES;
				CLANG_WARN_ENUM_CONVERSION = YES;
				CLANG_WARN_INT_CONVERSION = YES;
				CLANG_WARN_OBJC_ROOT_CLASS = YES_ERROR;
				CLANG_WARN_UNREACHABLE_CODE = YES;
				CLANG_WARN__DUPLICATE_METHOD_MATCH = YES;
				"CODE_SIGN_IDENTITY[sdk=iphoneos*]" = "iPhone Developer";
				COPY_PHASE_STRIP = NO;
				ENABLE_STRICT_OBJC_MSGSEND = YES;
				GCC_C_LANGUAGE_STANDARD = gnu99;
				GCC_DYNAMIC_NO_PIC = NO;
				GCC_OPTIMIZATION_LEVEL = 0;
				GCC_PREPROCESSOR_DEFINITIONS = (
					"DEBUG=1",
					"$(inherited)",
				);
				GCC_SYMBOLS_PRIVATE_EXTERN = NO;
				GCC_WARN_64_TO_32_BIT_CONVERSION = YES;
				GCC_WARN_ABOUT_RETURN_TYPE = YES_ERROR;
				GCC_WARN_UNDECLARED_SELECTOR = YES;
				GCC_WARN_UNINITIALIZED_AUTOS = YES_AGGRESSIVE;
				GCC_WARN_UNUSED_FUNCTION = YES;
				GCC_WARN_UNUSED_VARIABLE = YES;
				IPHONEOS_DEPLOYMENT_TARGET = 8.1;
				MTL_ENABLE_DEBUG_INFO = YES;
				ONLY_ACTIVE_ARCH = YES;
				SDKROOT = iphoneos;
			};
			name = Debug;
		};
		F9C2F5661A8915BF00342CE8 /* Release */ = {
			isa = XCBuildConfiguration;
			buildSettings = {
				ALWAYS_SEARCH_USER_PATHS = NO;
				CLANG_CXX_LANGUAGE_STANDARD = "gnu++0x";
				CLANG_CXX_LIBRARY = "libc++";
				CLANG_ENABLE_MODULES = YES;
				CLANG_ENABLE_OBJC_ARC = YES;
				CLANG_WARN_BOOL_CONVERSION = YES;
				CLANG_WARN_CONSTANT_CONVERSION = YES;
				CLANG_WARN_DIRECT_OBJC_ISA_USAGE = YES_ERROR;
				CLANG_WARN_EMPTY_BODY = YES;
				CLANG_WARN_ENUM_CONVERSION = YES;
				CLANG_WARN_INT_CONVERSION = YES;
				CLANG_WARN_OBJC_ROOT_CLASS = YES_ERROR;
				CLANG_WARN_UNREACHABLE_CODE = YES;
				CLANG_WARN__DUPLICATE_METHOD_MATCH = YES;
				"CODE_SIGN_IDENTITY[sdk=iphoneos*]" = "iPhone Developer";
				COPY_PHASE_STRIP = YES;
				ENABLE_NS_ASSERTIONS = NO;
				ENABLE_STRICT_OBJC_MSGSEND = YES;
				GCC_C_LANGUAGE_STANDARD = gnu99;
				GCC_WARN_64_TO_32_BIT_CONVERSION = YES;
				GCC_WARN_ABOUT_RETURN_TYPE = YES_ERROR;
				GCC_WARN_UNDECLARED_SELECTOR = YES;
				GCC_WARN_UNINITIALIZED_AUTOS = YES_AGGRESSIVE;
				GCC_WARN_UNUSED_FUNCTION = YES;
				GCC_WARN_UNUSED_VARIABLE = YES;
				IPHONEOS_DEPLOYMENT_TARGET = 8.1;
				MTL_ENABLE_DEBUG_INFO = NO;
				SDKROOT = iphoneos;
				VALIDATE_PRODUCT = YES;
			};
			name = Release;
		};
		F9C2F5681A8915BF00342CE8 /* Debug */ = {
			isa = XCBuildConfiguration;
			baseConfigurationReference = 4761D9714831A8CF23D6AD10 /* Pods.debug.xcconfig */;
			buildSettings = {
				ASSETCATALOG_COMPILER_APPICON_NAME = AppIcon;
				CLANG_CXX_LANGUAGE_STANDARD = "compiler-default";
				CLANG_CXX_LIBRARY = "compiler-default";
				FRAMEWORK_SEARCH_PATHS = (
					"$(inherited)",
					"$(PROJECT_DIR)/parse-library-1.6.2",
				);
				INFOPLIST_FILE = iGotNext/Info.plist;
				LD_RUNPATH_SEARCH_PATHS = "$(inherited) @executable_path/Frameworks";
				PRODUCT_NAME = "$(TARGET_NAME)";
			};
			name = Debug;
		};
		F9C2F5691A8915BF00342CE8 /* Release */ = {
			isa = XCBuildConfiguration;
			baseConfigurationReference = 1346EB1778F84773608B9199 /* Pods.release.xcconfig */;
			buildSettings = {
				ASSETCATALOG_COMPILER_APPICON_NAME = AppIcon;
				CLANG_CXX_LANGUAGE_STANDARD = "compiler-default";
				CLANG_CXX_LIBRARY = "compiler-default";
				FRAMEWORK_SEARCH_PATHS = (
					"$(inherited)",
					"$(PROJECT_DIR)/parse-library-1.6.2",
				);
				INFOPLIST_FILE = iGotNext/Info.plist;
				LD_RUNPATH_SEARCH_PATHS = "$(inherited) @executable_path/Frameworks";
				PRODUCT_NAME = "$(TARGET_NAME)";
			};
			name = Release;
		};
		F9C2F56B1A8915BF00342CE8 /* Debug */ = {
			isa = XCBuildConfiguration;
			buildSettings = {
				BUNDLE_LOADER = "$(TEST_HOST)";
				FRAMEWORK_SEARCH_PATHS = (
					"$(SDKROOT)/Developer/Library/Frameworks",
					"$(inherited)",
				);
				GCC_PREPROCESSOR_DEFINITIONS = (
					"DEBUG=1",
					"$(inherited)",
				);
				INFOPLIST_FILE = iGotNextTests/Info.plist;
				LD_RUNPATH_SEARCH_PATHS = "$(inherited) @executable_path/Frameworks @loader_path/Frameworks";
				PRODUCT_NAME = "$(TARGET_NAME)";
				TEST_HOST = "$(BUILT_PRODUCTS_DIR)/iGotNext.app/iGotNext";
			};
			name = Debug;
		};
		F9C2F56C1A8915BF00342CE8 /* Release */ = {
			isa = XCBuildConfiguration;
			buildSettings = {
				BUNDLE_LOADER = "$(TEST_HOST)";
				FRAMEWORK_SEARCH_PATHS = (
					"$(SDKROOT)/Developer/Library/Frameworks",
					"$(inherited)",
				);
				INFOPLIST_FILE = iGotNextTests/Info.plist;
				LD_RUNPATH_SEARCH_PATHS = "$(inherited) @executable_path/Frameworks @loader_path/Frameworks";
				PRODUCT_NAME = "$(TARGET_NAME)";
				TEST_HOST = "$(BUILT_PRODUCTS_DIR)/iGotNext.app/iGotNext";
			};
			name = Release;
		};
/* End XCBuildConfiguration section */

/* Begin XCConfigurationList section */
		F9C2F53F1A8915BE00342CE8 /* Build configuration list for PBXProject "iGotNext" */ = {
			isa = XCConfigurationList;
			buildConfigurations = (
				F9C2F5651A8915BF00342CE8 /* Debug */,
				F9C2F5661A8915BF00342CE8 /* Release */,
			);
			defaultConfigurationIsVisible = 0;
			defaultConfigurationName = Release;
		};
		F9C2F5671A8915BF00342CE8 /* Build configuration list for PBXNativeTarget "iGotNext" */ = {
			isa = XCConfigurationList;
			buildConfigurations = (
				F9C2F5681A8915BF00342CE8 /* Debug */,
				F9C2F5691A8915BF00342CE8 /* Release */,
			);
			defaultConfigurationIsVisible = 0;
			defaultConfigurationName = Release;
		};
		F9C2F56A1A8915BF00342CE8 /* Build configuration list for PBXNativeTarget "iGotNextTests" */ = {
			isa = XCConfigurationList;
			buildConfigurations = (
				F9C2F56B1A8915BF00342CE8 /* Debug */,
				F9C2F56C1A8915BF00342CE8 /* Release */,
			);
			defaultConfigurationIsVisible = 0;
			defaultConfigurationName = Release;
		};
/* End XCConfigurationList section */
	};
	rootObject = F9C2F53C1A8915BE00342CE8 /* Project object */;
}
