// !$*UTF8*$!
{
	archiveVersion = 1;
	classes = {
	};
	objectVersion = 46;
	objects = {

/* Begin PBXBuildFile section */
		CC451A961A8E3963009AD5D3 /* SetTimeViewController.m in Sources */ = {isa = PBXBuildFile; fileRef = CC451A951A8E3963009AD5D3 /* SetTimeViewController.m */; };
		CC451A991A8E5B5D009AD5D3 /* EventDetailViewController.m in Sources */ = {isa = PBXBuildFile; fileRef = CC451A981A8E5B5D009AD5D3 /* EventDetailViewController.m */; };
		CC5244D81A89456900F52859 /* Event.m in Sources */ = {isa = PBXBuildFile; fileRef = CC5244D71A89456900F52859 /* Event.m */; };
		CCBA1B081A8BF3E200018FC7 /* HomeParksViewController.m in Sources */ = {isa = PBXBuildFile; fileRef = CCBA1B071A8BF3E200018FC7 /* HomeParksViewController.m */; };
		CCC522911A8D47370075DC24 /* HomeParksTableViewCell.m in Sources */ = {isa = PBXBuildFile; fileRef = CCC522901A8D47370075DC24 /* HomeParksTableViewCell.m */; };
		F92CEFB41A89509D005CD279 /* ParkGameTableViewCell.m in Sources */ = {isa = PBXBuildFile; fileRef = F92CEFB31A89509D005CD279 /* ParkGameTableViewCell.m */; };
		F92CEFB71A8952B3005CD279 /* NewEventViewController.m in Sources */ = {isa = PBXBuildFile; fileRef = F92CEFB61A8952B3005CD279 /* NewEventViewController.m */; };
		F93463821A93B73300600BED /* InterestsCollectionViewController.m in Sources */ = {isa = PBXBuildFile; fileRef = F93463811A93B73300600BED /* InterestsCollectionViewController.m */; };
		F953F0031A8A651F00667C19 /* RootViewController.m in Sources */ = {isa = PBXBuildFile; fileRef = F953F0021A8A651F00667C19 /* RootViewController.m */; };
		F9C2F54A1A8915BE00342CE8 /* main.m in Sources */ = {isa = PBXBuildFile; fileRef = F9C2F5491A8915BE00342CE8 /* main.m */; };
		F9C2F54D1A8915BE00342CE8 /* AppDelegate.m in Sources */ = {isa = PBXBuildFile; fileRef = F9C2F54C1A8915BE00342CE8 /* AppDelegate.m */; };
		F9C2F5501A8915BE00342CE8 /* LoginViewController.m in Sources */ = {isa = PBXBuildFile; fileRef = F9C2F54F1A8915BE00342CE8 /* LoginViewController.m */; };
		F9C2F5531A8915BE00342CE8 /* Main.storyboard in Resources */ = {isa = PBXBuildFile; fileRef = F9C2F5511A8915BE00342CE8 /* Main.storyboard */; };
		F9C2F5551A8915BE00342CE8 /* Images.xcassets in Resources */ = {isa = PBXBuildFile; fileRef = F9C2F5541A8915BE00342CE8 /* Images.xcassets */; };
		F9C2F5581A8915BE00342CE8 /* LaunchScreen.xib in Resources */ = {isa = PBXBuildFile; fileRef = F9C2F5561A8915BE00342CE8 /* LaunchScreen.xib */; };
		F9C2F5641A8915BE00342CE8 /* iGotNextTests.m in Sources */ = {isa = PBXBuildFile; fileRef = F9C2F5631A8915BE00342CE8 /* iGotNextTests.m */; };
		F9C2F56F1A891F2B00342CE8 /* ParkGameViewController.m in Sources */ = {isa = PBXBuildFile; fileRef = F9C2F56E1A891F2B00342CE8 /* ParkGameViewController.m */; };
		F9C2F5721A891F3900342CE8 /* SearchViewController.m in Sources */ = {isa = PBXBuildFile; fileRef = F9C2F5711A891F3900342CE8 /* SearchViewController.m */; };
		F9C2F5751A891F4900342CE8 /* ProfileViewController.m in Sources */ = {isa = PBXBuildFile; fileRef = F9C2F5741A891F4900342CE8 /* ProfileViewController.m */; };
		F9C2F5781A891F8100342CE8 /* ActivityFeedViewController.m in Sources */ = {isa = PBXBuildFile; fileRef = F9C2F5771A891F8100342CE8 /* ActivityFeedViewController.m */; };
		F9C2F57B1A8920DE00342CE8 /* InterestsViewController.m in Sources */ = {isa = PBXBuildFile; fileRef = F9C2F57A1A8920DE00342CE8 /* InterestsViewController.m */; };
		F9C2F57E1A89242600342CE8 /* SystemConfiguration.framework in Frameworks */ = {isa = PBXBuildFile; fileRef = F9C2F57D1A89242600342CE8 /* SystemConfiguration.framework */; };
		F9C2F5801A89242D00342CE8 /* StoreKit.framework in Frameworks */ = {isa = PBXBuildFile; fileRef = F9C2F57F1A89242D00342CE8 /* StoreKit.framework */; };
		F9C2F5821A89243300342CE8 /* Security.framework in Frameworks */ = {isa = PBXBuildFile; fileRef = F9C2F5811A89243300342CE8 /* Security.framework */; };
		F9C2F5841A89243A00342CE8 /* QuartzCore.framework in Frameworks */ = {isa = PBXBuildFile; fileRef = F9C2F5831A89243A00342CE8 /* QuartzCore.framework */; };
		F9C2F5861A89244A00342CE8 /* MobileCoreServices.framework in Frameworks */ = {isa = PBXBuildFile; fileRef = F9C2F5851A89244A00342CE8 /* MobileCoreServices.framework */; };
		F9C2F5881A89245400342CE8 /* CoreLocation.framework in Frameworks */ = {isa = PBXBuildFile; fileRef = F9C2F5871A89245400342CE8 /* CoreLocation.framework */; };
		F9C2F58A1A89245D00342CE8 /* CoreGraphics.framework in Frameworks */ = {isa = PBXBuildFile; fileRef = F9C2F5891A89245D00342CE8 /* CoreGraphics.framework */; };
		F9C2F58C1A89246500342CE8 /* CFNetwork.framework in Frameworks */ = {isa = PBXBuildFile; fileRef = F9C2F58B1A89246500342CE8 /* CFNetwork.framework */; };
		F9C2F58E1A89247B00342CE8 /* AudioToolbox.framework in Frameworks */ = {isa = PBXBuildFile; fileRef = F9C2F58D1A89247B00342CE8 /* AudioToolbox.framework */; };
		F9C2F5951A89271300342CE8 /* Bolts.framework in Frameworks */ = {isa = PBXBuildFile; fileRef = F9C2F5901A89271300342CE8 /* Bolts.framework */; };
		F9C2F5961A89271300342CE8 /* Parse.framework in Frameworks */ = {isa = PBXBuildFile; fileRef = F9C2F5911A89271300342CE8 /* Parse.framework */; };
		F9C2F5971A89271300342CE8 /* ParseCrashReporting.framework in Frameworks */ = {isa = PBXBuildFile; fileRef = F9C2F5921A89271300342CE8 /* ParseCrashReporting.framework */; };
		F9C2F5981A89271300342CE8 /* ParseFacebookUtils.framework in Frameworks */ = {isa = PBXBuildFile; fileRef = F9C2F5931A89271300342CE8 /* ParseFacebookUtils.framework */; };
		F9C2F5991A89271300342CE8 /* ParseUI.framework in Frameworks */ = {isa = PBXBuildFile; fileRef = F9C2F5941A89271300342CE8 /* ParseUI.framework */; };
		F9C2F59B1A8927EF00342CE8 /* libz.dylib in Frameworks */ = {isa = PBXBuildFile; fileRef = F9C2F59A1A8927EF00342CE8 /* libz.dylib */; };
		F9C2F59D1A8927FD00342CE8 /* libsqlite3.dylib in Frameworks */ = {isa = PBXBuildFile; fileRef = F9C2F59C1A8927FD00342CE8 /* libsqlite3.dylib */; };
/* End PBXBuildFile section */

/* Begin PBXContainerItemProxy section */
		F9C2F55E1A8915BE00342CE8 /* PBXContainerItemProxy */ = {
			isa = PBXContainerItemProxy;
			containerPortal = F9C2F53C1A8915BE00342CE8 /* Project object */;
			proxyType = 1;
			remoteGlobalIDString = F9C2F5431A8915BE00342CE8;
			remoteInfo = iGotNext;
		};
/* End PBXContainerItemProxy section */

/* Begin PBXFileReference section */
		CC451A941A8E3963009AD5D3 /* SetTimeViewController.h */ = {isa = PBXFileReference; fileEncoding = 4; lastKnownFileType = sourcecode.c.h; name = SetTimeViewController.h; path = ../SetTimeViewController.h; sourceTree = "<group>"; };
		CC451A951A8E3963009AD5D3 /* SetTimeViewController.m */ = {isa = PBXFileReference; fileEncoding = 4; lastKnownFileType = sourcecode.c.objc; name = SetTimeViewController.m; path = ../SetTimeViewController.m; sourceTree = "<group>"; };
		CC451A971A8E5B5D009AD5D3 /* EventDetailViewController.h */ = {isa = PBXFileReference; fileEncoding = 4; lastKnownFileType = sourcecode.c.h; name = EventDetailViewController.h; path = ../EventDetailViewController.h; sourceTree = "<group>"; };
		CC451A981A8E5B5D009AD5D3 /* EventDetailViewController.m */ = {isa = PBXFileReference; fileEncoding = 4; lastKnownFileType = sourcecode.c.objc; name = EventDetailViewController.m; path = ../EventDetailViewController.m; sourceTree = "<group>"; };
		CC5244D61A89456900F52859 /* Event.h */ = {isa = PBXFileReference; fileEncoding = 4; lastKnownFileType = sourcecode.c.h; path = Event.h; sourceTree = "<group>"; };
		CC5244D71A89456900F52859 /* Event.m */ = {isa = PBXFileReference; fileEncoding = 4; lastKnownFileType = sourcecode.c.objc; path = Event.m; sourceTree = "<group>"; };
		CCBA1B061A8BF3E200018FC7 /* HomeParksViewController.h */ = {isa = PBXFileReference; fileEncoding = 4; lastKnownFileType = sourcecode.c.h; path = HomeParksViewController.h; sourceTree = "<group>"; };
		CCBA1B071A8BF3E200018FC7 /* HomeParksViewController.m */ = {isa = PBXFileReference; fileEncoding = 4; lastKnownFileType = sourcecode.c.objc; path = HomeParksViewController.m; sourceTree = "<group>"; };
		CCC5228F1A8D47370075DC24 /* HomeParksTableViewCell.h */ = {isa = PBXFileReference; fileEncoding = 4; lastKnownFileType = sourcecode.c.h; path = HomeParksTableViewCell.h; sourceTree = "<group>"; };
		CCC522901A8D47370075DC24 /* HomeParksTableViewCell.m */ = {isa = PBXFileReference; fileEncoding = 4; lastKnownFileType = sourcecode.c.objc; path = HomeParksTableViewCell.m; sourceTree = "<group>"; };
		F92CEFB21A89509D005CD279 /* ParkGameTableViewCell.h */ = {isa = PBXFileReference; fileEncoding = 4; lastKnownFileType = sourcecode.c.h; path = ParkGameTableViewCell.h; sourceTree = "<group>"; };
		F92CEFB31A89509D005CD279 /* ParkGameTableViewCell.m */ = {isa = PBXFileReference; fileEncoding = 4; lastKnownFileType = sourcecode.c.objc; path = ParkGameTableViewCell.m; sourceTree = "<group>"; };
		F92CEFB51A8952B3005CD279 /* NewEventViewController.h */ = {isa = PBXFileReference; fileEncoding = 4; lastKnownFileType = sourcecode.c.h; path = NewEventViewController.h; sourceTree = "<group>"; };
		F92CEFB61A8952B3005CD279 /* NewEventViewController.m */ = {isa = PBXFileReference; fileEncoding = 4; lastKnownFileType = sourcecode.c.objc; path = NewEventViewController.m; sourceTree = "<group>"; };
		F93463801A93B73300600BED /* InterestsCollectionViewController.h */ = {isa = PBXFileReference; fileEncoding = 4; lastKnownFileType = sourcecode.c.h; path = InterestsCollectionViewController.h; sourceTree = "<group>"; };
		F93463811A93B73300600BED /* InterestsCollectionViewController.m */ = {isa = PBXFileReference; fileEncoding = 4; lastKnownFileType = sourcecode.c.objc; path = InterestsCollectionViewController.m; sourceTree = "<group>"; };
		F953F0011A8A651F00667C19 /* RootViewController.h */ = {isa = PBXFileReference; fileEncoding = 4; lastKnownFileType = sourcecode.c.h; path = RootViewController.h; sourceTree = "<group>"; };
		F953F0021A8A651F00667C19 /* RootViewController.m */ = {isa = PBXFileReference; fileEncoding = 4; lastKnownFileType = sourcecode.c.objc; path = RootViewController.m; sourceTree = "<group>"; };
		F9C2F5441A8915BE00342CE8 /* iGotNext.app */ = {isa = PBXFileReference; explicitFileType = wrapper.application; includeInIndex = 0; path = iGotNext.app; sourceTree = BUILT_PRODUCTS_DIR; };
		F9C2F5481A8915BE00342CE8 /* Info.plist */ = {isa = PBXFileReference; lastKnownFileType = text.plist.xml; path = Info.plist; sourceTree = "<group>"; };
		F9C2F5491A8915BE00342CE8 /* main.m */ = {isa = PBXFileReference; lastKnownFileType = sourcecode.c.objc; path = main.m; sourceTree = "<group>"; };
		F9C2F54B1A8915BE00342CE8 /* AppDelegate.h */ = {isa = PBXFileReference; lastKnownFileType = sourcecode.c.h; path = AppDelegate.h; sourceTree = "<group>"; };
		F9C2F54C1A8915BE00342CE8 /* AppDelegate.m */ = {isa = PBXFileReference; lastKnownFileType = sourcecode.c.objc; path = AppDelegate.m; sourceTree = "<group>"; };
		F9C2F54E1A8915BE00342CE8 /* LoginViewController.h */ = {isa = PBXFileReference; lastKnownFileType = sourcecode.c.h; path = LoginViewController.h; sourceTree = "<group>"; };
		F9C2F54F1A8915BE00342CE8 /* LoginViewController.m */ = {isa = PBXFileReference; lastKnownFileType = sourcecode.c.objc; path = LoginViewController.m; sourceTree = "<group>"; };
		F9C2F5521A8915BE00342CE8 /* Base */ = {isa = PBXFileReference; lastKnownFileType = file.storyboard; name = Base; path = Base.lproj/Main.storyboard; sourceTree = "<group>"; };
		F9C2F5541A8915BE00342CE8 /* Images.xcassets */ = {isa = PBXFileReference; lastKnownFileType = folder.assetcatalog; path = Images.xcassets; sourceTree = "<group>"; };
		F9C2F5571A8915BE00342CE8 /* Base */ = {isa = PBXFileReference; lastKnownFileType = file.xib; name = Base; path = Base.lproj/LaunchScreen.xib; sourceTree = "<group>"; };
		F9C2F55D1A8915BE00342CE8 /* iGotNextTests.xctest */ = {isa = PBXFileReference; explicitFileType = wrapper.cfbundle; includeInIndex = 0; path = iGotNextTests.xctest; sourceTree = BUILT_PRODUCTS_DIR; };
		F9C2F5621A8915BE00342CE8 /* Info.plist */ = {isa = PBXFileReference; lastKnownFileType = text.plist.xml; path = Info.plist; sourceTree = "<group>"; };
		F9C2F5631A8915BE00342CE8 /* iGotNextTests.m */ = {isa = PBXFileReference; lastKnownFileType = sourcecode.c.objc; path = iGotNextTests.m; sourceTree = "<group>"; };
		F9C2F56D1A891F2B00342CE8 /* ParkGameViewController.h */ = {isa = PBXFileReference; fileEncoding = 4; lastKnownFileType = sourcecode.c.h; path = ParkGameViewController.h; sourceTree = "<group>"; };
		F9C2F56E1A891F2B00342CE8 /* ParkGameViewController.m */ = {isa = PBXFileReference; fileEncoding = 4; lastKnownFileType = sourcecode.c.objc; path = ParkGameViewController.m; sourceTree = "<group>"; };
		F9C2F5701A891F3900342CE8 /* SearchViewController.h */ = {isa = PBXFileReference; fileEncoding = 4; lastKnownFileType = sourcecode.c.h; path = SearchViewController.h; sourceTree = "<group>"; };
		F9C2F5711A891F3900342CE8 /* SearchViewController.m */ = {isa = PBXFileReference; fileEncoding = 4; lastKnownFileType = sourcecode.c.objc; path = SearchViewController.m; sourceTree = "<group>"; };
		F9C2F5731A891F4900342CE8 /* ProfileViewController.h */ = {isa = PBXFileReference; fileEncoding = 4; lastKnownFileType = sourcecode.c.h; path = ProfileViewController.h; sourceTree = "<group>"; };
		F9C2F5741A891F4900342CE8 /* ProfileViewController.m */ = {isa = PBXFileReference; fileEncoding = 4; lastKnownFileType = sourcecode.c.objc; path = ProfileViewController.m; sourceTree = "<group>"; };
		F9C2F5761A891F8100342CE8 /* ActivityFeedViewController.h */ = {isa = PBXFileReference; fileEncoding = 4; lastKnownFileType = sourcecode.c.h; path = ActivityFeedViewController.h; sourceTree = "<group>"; };
		F9C2F5771A891F8100342CE8 /* ActivityFeedViewController.m */ = {isa = PBXFileReference; fileEncoding = 4; lastKnownFileType = sourcecode.c.objc; path = ActivityFeedViewController.m; sourceTree = "<group>"; };
		F9C2F5791A8920DE00342CE8 /* InterestsViewController.h */ = {isa = PBXFileReference; fileEncoding = 4; lastKnownFileType = sourcecode.c.h; path = InterestsViewController.h; sourceTree = "<group>"; };
		F9C2F57A1A8920DE00342CE8 /* InterestsViewController.m */ = {isa = PBXFileReference; fileEncoding = 4; lastKnownFileType = sourcecode.c.objc; path = InterestsViewController.m; sourceTree = "<group>"; };
		F9C2F57D1A89242600342CE8 /* SystemConfiguration.framework */ = {isa = PBXFileReference; lastKnownFileType = wrapper.framework; name = SystemConfiguration.framework; path = System/Library/Frameworks/SystemConfiguration.framework; sourceTree = SDKROOT; };
		F9C2F57F1A89242D00342CE8 /* StoreKit.framework */ = {isa = PBXFileReference; lastKnownFileType = wrapper.framework; name = StoreKit.framework; path = System/Library/Frameworks/StoreKit.framework; sourceTree = SDKROOT; };
		F9C2F5811A89243300342CE8 /* Security.framework */ = {isa = PBXFileReference; lastKnownFileType = wrapper.framework; name = Security.framework; path = System/Library/Frameworks/Security.framework; sourceTree = SDKROOT; };
		F9C2F5831A89243A00342CE8 /* QuartzCore.framework */ = {isa = PBXFileReference; lastKnownFileType = wrapper.framework; name = QuartzCore.framework; path = System/Library/Frameworks/QuartzCore.framework; sourceTree = SDKROOT; };
		F9C2F5851A89244A00342CE8 /* MobileCoreServices.framework */ = {isa = PBXFileReference; lastKnownFileType = wrapper.framework; name = MobileCoreServices.framework; path = System/Library/Frameworks/MobileCoreServices.framework; sourceTree = SDKROOT; };
		F9C2F5871A89245400342CE8 /* CoreLocation.framework */ = {isa = PBXFileReference; lastKnownFileType = wrapper.framework; name = CoreLocation.framework; path = System/Library/Frameworks/CoreLocation.framework; sourceTree = SDKROOT; };
		F9C2F5891A89245D00342CE8 /* CoreGraphics.framework */ = {isa = PBXFileReference; lastKnownFileType = wrapper.framework; name = CoreGraphics.framework; path = System/Library/Frameworks/CoreGraphics.framework; sourceTree = SDKROOT; };
		F9C2F58B1A89246500342CE8 /* CFNetwork.framework */ = {isa = PBXFileReference; lastKnownFileType = wrapper.framework; name = CFNetwork.framework; path = System/Library/Frameworks/CFNetwork.framework; sourceTree = SDKROOT; };
		F9C2F58D1A89247B00342CE8 /* AudioToolbox.framework */ = {isa = PBXFileReference; lastKnownFileType = wrapper.framework; name = AudioToolbox.framework; path = System/Library/Frameworks/AudioToolbox.framework; sourceTree = SDKROOT; };
		F9C2F5901A89271300342CE8 /* Bolts.framework */ = {isa = PBXFileReference; lastKnownFileType = wrapper.framework; path = Bolts.framework; sourceTree = "<group>"; };
		F9C2F5911A89271300342CE8 /* Parse.framework */ = {isa = PBXFileReference; lastKnownFileType = wrapper.framework; path = Parse.framework; sourceTree = "<group>"; };
		F9C2F5921A89271300342CE8 /* ParseCrashReporting.framework */ = {isa = PBXFileReference; lastKnownFileType = wrapper.framework; path = ParseCrashReporting.framework; sourceTree = "<group>"; };
		F9C2F5931A89271300342CE8 /* ParseFacebookUtils.framework */ = {isa = PBXFileReference; lastKnownFileType = wrapper.framework; path = ParseFacebookUtils.framework; sourceTree = "<group>"; };
		F9C2F5941A89271300342CE8 /* ParseUI.framework */ = {isa = PBXFileReference; lastKnownFileType = wrapper.framework; path = ParseUI.framework; sourceTree = "<group>"; };
		F9C2F59A1A8927EF00342CE8 /* libz.dylib */ = {isa = PBXFileReference; lastKnownFileType = "compiled.mach-o.dylib"; name = libz.dylib; path = usr/lib/libz.dylib; sourceTree = SDKROOT; };
		F9C2F59C1A8927FD00342CE8 /* libsqlite3.dylib */ = {isa = PBXFileReference; lastKnownFileType = "compiled.mach-o.dylib"; name = libsqlite3.dylib; path = usr/lib/libsqlite3.dylib; sourceTree = SDKROOT; };
/* End PBXFileReference section */

/* Begin PBXFrameworksBuildPhase section */
		F9C2F5411A8915BE00342CE8 /* Frameworks */ = {
			isa = PBXFrameworksBuildPhase;
			buildActionMask = 2147483647;
			files = (
				F9C2F59D1A8927FD00342CE8 /* libsqlite3.dylib in Frameworks */,
				F9C2F59B1A8927EF00342CE8 /* libz.dylib in Frameworks */,
				F9C2F58E1A89247B00342CE8 /* AudioToolbox.framework in Frameworks */,
				F9C2F58C1A89246500342CE8 /* CFNetwork.framework in Frameworks */,
				F9C2F5991A89271300342CE8 /* ParseUI.framework in Frameworks */,
				F9C2F58A1A89245D00342CE8 /* CoreGraphics.framework in Frameworks */,
				F9C2F5881A89245400342CE8 /* CoreLocation.framework in Frameworks */,
				F9C2F5861A89244A00342CE8 /* MobileCoreServices.framework in Frameworks */,
				F9C2F5951A89271300342CE8 /* Bolts.framework in Frameworks */,
				F9C2F5961A89271300342CE8 /* Parse.framework in Frameworks */,
				F9C2F5971A89271300342CE8 /* ParseCrashReporting.framework in Frameworks */,
				F9C2F5841A89243A00342CE8 /* QuartzCore.framework in Frameworks */,
				F9C2F5821A89243300342CE8 /* Security.framework in Frameworks */,
				F9C2F5801A89242D00342CE8 /* StoreKit.framework in Frameworks */,
				F9C2F57E1A89242600342CE8 /* SystemConfiguration.framework in Frameworks */,
				F9C2F5981A89271300342CE8 /* ParseFacebookUtils.framework in Frameworks */,
			);
			runOnlyForDeploymentPostprocessing = 0;
		};
		F9C2F55A1A8915BE00342CE8 /* Frameworks */ = {
			isa = PBXFrameworksBuildPhase;
			buildActionMask = 2147483647;
			files = (
			);
			runOnlyForDeploymentPostprocessing = 0;
		};
/* End PBXFrameworksBuildPhase section */

/* Begin PBXGroup section */
		CC5244DC1A89458E00F52859 /* Model */ = {
			isa = PBXGroup;
			children = (
				F92CEFB21A89509D005CD279 /* ParkGameTableViewCell.h */,
				F92CEFB31A89509D005CD279 /* ParkGameTableViewCell.m */,
				CCC5228F1A8D47370075DC24 /* HomeParksTableViewCell.h */,
				CCC522901A8D47370075DC24 /* HomeParksTableViewCell.m */,
				CC5244D61A89456900F52859 /* Event.h */,
				CC5244D71A89456900F52859 /* Event.m */,
			);
			name = Model;
			sourceTree = "<group>";
		};
		F9C2F53B1A8915BE00342CE8 = {
			isa = PBXGroup;
			children = (
				F9C2F59C1A8927FD00342CE8 /* libsqlite3.dylib */,
				F9C2F59A1A8927EF00342CE8 /* libz.dylib */,
				F9C2F58F1A89271300342CE8 /* parse-library-1.6.2 */,
				F9C2F58D1A89247B00342CE8 /* AudioToolbox.framework */,
				F9C2F58B1A89246500342CE8 /* CFNetwork.framework */,
				F9C2F5891A89245D00342CE8 /* CoreGraphics.framework */,
				F9C2F5871A89245400342CE8 /* CoreLocation.framework */,
				F9C2F5851A89244A00342CE8 /* MobileCoreServices.framework */,
				F9C2F5831A89243A00342CE8 /* QuartzCore.framework */,
				F9C2F5811A89243300342CE8 /* Security.framework */,
				F9C2F57F1A89242D00342CE8 /* StoreKit.framework */,
				F9C2F57D1A89242600342CE8 /* SystemConfiguration.framework */,
				F9C2F5461A8915BE00342CE8 /* iGotNext */,
				F9C2F5601A8915BE00342CE8 /* iGotNextTests */,
				F9C2F5451A8915BE00342CE8 /* Products */,
			);
			sourceTree = "<group>";
		};
		F9C2F5451A8915BE00342CE8 /* Products */ = {
			isa = PBXGroup;
			children = (
				F9C2F5441A8915BE00342CE8 /* iGotNext.app */,
				F9C2F55D1A8915BE00342CE8 /* iGotNextTests.xctest */,
			);
			name = Products;
			sourceTree = "<group>";
		};
		F9C2F5461A8915BE00342CE8 /* iGotNext */ = {
			isa = PBXGroup;
			children = (
				F9C2F54B1A8915BE00342CE8 /* AppDelegate.h */,
				F9C2F54C1A8915BE00342CE8 /* AppDelegate.m */,
				F9C2F5511A8915BE00342CE8 /* Main.storyboard */,
				F93463801A93B73300600BED /* InterestsCollectionViewController.h */,
				F93463811A93B73300600BED /* InterestsCollectionViewController.m */,
				F953F0011A8A651F00667C19 /* RootViewController.h */,
				F953F0021A8A651F00667C19 /* RootViewController.m */,
				F9C2F54E1A8915BE00342CE8 /* LoginViewController.h */,
				F9C2F54F1A8915BE00342CE8 /* LoginViewController.m */,
				F9C2F5791A8920DE00342CE8 /* InterestsViewController.h */,
				F9C2F57A1A8920DE00342CE8 /* InterestsViewController.m */,
				F92CEFB51A8952B3005CD279 /* NewEventViewController.h */,
				F92CEFB61A8952B3005CD279 /* NewEventViewController.m */,
				CC451A941A8E3963009AD5D3 /* SetTimeViewController.h */,
				CC451A951A8E3963009AD5D3 /* SetTimeViewController.m */,
				CC451A971A8E5B5D009AD5D3 /* EventDetailViewController.h */,
				CC451A981A8E5B5D009AD5D3 /* EventDetailViewController.m */,
				CC5244DC1A89458E00F52859 /* Model */,
				F9C2F57C1A89219400342CE8 /* Tab Bar View Controllers */,
				F9C2F5541A8915BE00342CE8 /* Images.xcassets */,
				F9C2F5561A8915BE00342CE8 /* LaunchScreen.xib */,
				F9C2F5471A8915BE00342CE8 /* Supporting Files */,
			);
			path = iGotNext;
			sourceTree = "<group>";
		};
		F9C2F5471A8915BE00342CE8 /* Supporting Files */ = {
			isa = PBXGroup;
			children = (
				F9C2F5481A8915BE00342CE8 /* Info.plist */,
				F9C2F5491A8915BE00342CE8 /* main.m */,
			);
			name = "Supporting Files";
			sourceTree = "<group>";
		};
		F9C2F5601A8915BE00342CE8 /* iGotNextTests */ = {
			isa = PBXGroup;
			children = (
				F9C2F5631A8915BE00342CE8 /* iGotNextTests.m */,
				F9C2F5611A8915BE00342CE8 /* Supporting Files */,
			);
			path = iGotNextTests;
			sourceTree = "<group>";
		};
		F9C2F5611A8915BE00342CE8 /* Supporting Files */ = {
			isa = PBXGroup;
			children = (
				F9C2F5621A8915BE00342CE8 /* Info.plist */,
			);
			name = "Supporting Files";
			sourceTree = "<group>";
		};
		F9C2F57C1A89219400342CE8 /* Tab Bar View Controllers */ = {
			isa = PBXGroup;
			children = (
				CCBA1B061A8BF3E200018FC7 /* HomeParksViewController.h */,
				CCBA1B071A8BF3E200018FC7 /* HomeParksViewController.m */,
				F9C2F56D1A891F2B00342CE8 /* ParkGameViewController.h */,
				F9C2F56E1A891F2B00342CE8 /* ParkGameViewController.m */,
				F9C2F5701A891F3900342CE8 /* SearchViewController.h */,
				F9C2F5711A891F3900342CE8 /* SearchViewController.m */,
				F9C2F5731A891F4900342CE8 /* ProfileViewController.h */,
				F9C2F5741A891F4900342CE8 /* ProfileViewController.m */,
				F9C2F5761A891F8100342CE8 /* ActivityFeedViewController.h */,
				F9C2F5771A891F8100342CE8 /* ActivityFeedViewController.m */,
			);
			name = "Tab Bar View Controllers";
			sourceTree = "<group>";
		};
		F9C2F58F1A89271300342CE8 /* parse-library-1.6.2 */ = {
			isa = PBXGroup;
			children = (
				F9C2F5901A89271300342CE8 /* Bolts.framework */,
				F9C2F5911A89271300342CE8 /* Parse.framework */,
				F9C2F5921A89271300342CE8 /* ParseCrashReporting.framework */,
				F9C2F5931A89271300342CE8 /* ParseFacebookUtils.framework */,
				F9C2F5941A89271300342CE8 /* ParseUI.framework */,
			);
			path = "parse-library-1.6.2";
			sourceTree = "<group>";
		};
/* End PBXGroup section */

/* Begin PBXNativeTarget section */
		F9C2F5431A8915BE00342CE8 /* iGotNext */ = {
			isa = PBXNativeTarget;
			buildConfigurationList = F9C2F5671A8915BF00342CE8 /* Build configuration list for PBXNativeTarget "iGotNext" */;
			buildPhases = (
				F9C2F5401A8915BE00342CE8 /* Sources */,
				F9C2F5411A8915BE00342CE8 /* Frameworks */,
				F9C2F5421A8915BE00342CE8 /* Resources */,
			);
			buildRules = (
			);
			dependencies = (
			);
			name = iGotNext;
			productName = iGotNext;
			productReference = F9C2F5441A8915BE00342CE8 /* iGotNext.app */;
			productType = "com.apple.product-type.application";
		};
		F9C2F55C1A8915BE00342CE8 /* iGotNextTests */ = {
			isa = PBXNativeTarget;
			buildConfigurationList = F9C2F56A1A8915BF00342CE8 /* Build configuration list for PBXNativeTarget "iGotNextTests" */;
			buildPhases = (
				F9C2F5591A8915BE00342CE8 /* Sources */,
				F9C2F55A1A8915BE00342CE8 /* Frameworks */,
				F9C2F55B1A8915BE00342CE8 /* Resources */,
			);
			buildRules = (
			);
			dependencies = (
				F9C2F55F1A8915BE00342CE8 /* PBXTargetDependency */,
			);
			name = iGotNextTests;
			productName = iGotNextTests;
			productReference = F9C2F55D1A8915BE00342CE8 /* iGotNextTests.xctest */;
			productType = "com.apple.product-type.bundle.unit-test";
		};
/* End PBXNativeTarget section */

/* Begin PBXProject section */
		F9C2F53C1A8915BE00342CE8 /* Project object */ = {
			isa = PBXProject;
			attributes = {
				LastUpgradeCheck = 0610;
				ORGANIZATIONNAME = MobileMakers;
				TargetAttributes = {
					F9C2F5431A8915BE00342CE8 = {
						CreatedOnToolsVersion = 6.1.1;
					};
					F9C2F55C1A8915BE00342CE8 = {
						CreatedOnToolsVersion = 6.1.1;
						TestTargetID = F9C2F5431A8915BE00342CE8;
					};
				};
			};
			buildConfigurationList = F9C2F53F1A8915BE00342CE8 /* Build configuration list for PBXProject "iGotNext" */;
			compatibilityVersion = "Xcode 3.2";
			developmentRegion = English;
			hasScannedForEncodings = 0;
			knownRegions = (
				en,
				Base,
			);
			mainGroup = F9C2F53B1A8915BE00342CE8;
			productRefGroup = F9C2F5451A8915BE00342CE8 /* Products */;
			projectDirPath = "";
			projectRoot = "";
			targets = (
				F9C2F5431A8915BE00342CE8 /* iGotNext */,
				F9C2F55C1A8915BE00342CE8 /* iGotNextTests */,
			);
		};
/* End PBXProject section */

/* Begin PBXResourcesBuildPhase section */
		F9C2F5421A8915BE00342CE8 /* Resources */ = {
			isa = PBXResourcesBuildPhase;
			buildActionMask = 2147483647;
			files = (
				F9C2F5531A8915BE00342CE8 /* Main.storyboard in Resources */,
				F9C2F5581A8915BE00342CE8 /* LaunchScreen.xib in Resources */,
				F9C2F5551A8915BE00342CE8 /* Images.xcassets in Resources */,
			);
			runOnlyForDeploymentPostprocessing = 0;
		};
		F9C2F55B1A8915BE00342CE8 /* Resources */ = {
			isa = PBXResourcesBuildPhase;
			buildActionMask = 2147483647;
			files = (
			);
			runOnlyForDeploymentPostprocessing = 0;
		};
/* End PBXResourcesBuildPhase section */

/* Begin PBXSourcesBuildPhase section */
		F9C2F5401A8915BE00342CE8 /* Sources */ = {
			isa = PBXSourcesBuildPhase;
			buildActionMask = 2147483647;
			files = (
				F9C2F5501A8915BE00342CE8 /* LoginViewController.m in Sources */,
				CC451A991A8E5B5D009AD5D3 /* EventDetailViewController.m in Sources */,
				F9C2F54D1A8915BE00342CE8 /* AppDelegate.m in Sources */,
				F953F0031A8A651F00667C19 /* RootViewController.m in Sources */,
				CCBA1B081A8BF3E200018FC7 /* HomeParksViewController.m in Sources */,
				F9C2F5721A891F3900342CE8 /* SearchViewController.m in Sources */,
				CC5244D81A89456900F52859 /* Event.m in Sources */,
				F92CEFB71A8952B3005CD279 /* NewEventViewController.m in Sources */,
				F93463821A93B73300600BED /* InterestsCollectionViewController.m in Sources */,
				F9C2F54A1A8915BE00342CE8 /* main.m in Sources */,
				F9C2F57B1A8920DE00342CE8 /* InterestsViewController.m in Sources */,
				F92CEFB41A89509D005CD279 /* ParkGameTableViewCell.m in Sources */,
				F9C2F5781A891F8100342CE8 /* ActivityFeedViewController.m in Sources */,
				F9C2F5751A891F4900342CE8 /* ProfileViewController.m in Sources */,
				CCC522911A8D47370075DC24 /* HomeParksTableViewCell.m in Sources */,
				F9C2F56F1A891F2B00342CE8 /* ParkGameViewController.m in Sources */,
				CC451A961A8E3963009AD5D3 /* SetTimeViewController.m in Sources */,
			);
			runOnlyForDeploymentPostprocessing = 0;
		};
		F9C2F5591A8915BE00342CE8 /* Sources */ = {
			isa = PBXSourcesBuildPhase;
			buildActionMask = 2147483647;
			files = (
				F9C2F5641A8915BE00342CE8 /* iGotNextTests.m in Sources */,
			);
			runOnlyForDeploymentPostprocessing = 0;
		};
/* End PBXSourcesBuildPhase section */

/* Begin PBXTargetDependency section */
		F9C2F55F1A8915BE00342CE8 /* PBXTargetDependency */ = {
			isa = PBXTargetDependency;
			target = F9C2F5431A8915BE00342CE8 /* iGotNext */;
			targetProxy = F9C2F55E1A8915BE00342CE8 /* PBXContainerItemProxy */;
		};
/* End PBXTargetDependency section */

/* Begin PBXVariantGroup section */
		F9C2F5511A8915BE00342CE8 /* Main.storyboard */ = {
			isa = PBXVariantGroup;
			children = (
				F9C2F5521A8915BE00342CE8 /* Base */,
			);
			name = Main.storyboard;
			sourceTree = "<group>";
		};
		F9C2F5561A8915BE00342CE8 /* LaunchScreen.xib */ = {
			isa = PBXVariantGroup;
			children = (
				F9C2F5571A8915BE00342CE8 /* Base */,
			);
			name = LaunchScreen.xib;
			sourceTree = "<group>";
		};
/* End PBXVariantGroup section */

/* Begin XCBuildConfiguration section */
		F9C2F5651A8915BF00342CE8 /* Debug */ = {
			isa = XCBuildConfiguration;
			buildSettings = {
				ALWAYS_SEARCH_USER_PATHS = NO;
				CLANG_CXX_LANGUAGE_STANDARD = "gnu++0x";
				CLANG_CXX_LIBRARY = "libc++";
				CLANG_ENABLE_MODULES = YES;
				CLANG_ENABLE_OBJC_ARC = YES;
				CLANG_WARN_BOOL_CONVERSION = YES;
				CLANG_WARN_CONSTANT_CONVERSION = YES;
				CLANG_WARN_DIRECT_OBJC_ISA_USAGE = YES_ERROR;
				CLANG_WARN_EMPTY_BODY = YES;
				CLANG_WARN_ENUM_CONVERSION = YES;
				CLANG_WARN_INT_CONVERSION = YES;
				CLANG_WARN_OBJC_ROOT_CLASS = YES_ERROR;
				CLANG_WARN_UNREACHABLE_CODE = YES;
				CLANG_WARN__DUPLICATE_METHOD_MATCH = YES;
				"CODE_SIGN_IDENTITY[sdk=iphoneos*]" = "iPhone Developer";
				COPY_PHASE_STRIP = NO;
				ENABLE_STRICT_OBJC_MSGSEND = YES;
				GCC_C_LANGUAGE_STANDARD = gnu99;
				GCC_DYNAMIC_NO_PIC = NO;
				GCC_OPTIMIZATION_LEVEL = 0;
				GCC_PREPROCESSOR_DEFINITIONS = (
					"DEBUG=1",
					"$(inherited)",
				);
				GCC_SYMBOLS_PRIVATE_EXTERN = NO;
				GCC_WARN_64_TO_32_BIT_CONVERSION = YES;
				GCC_WARN_ABOUT_RETURN_TYPE = YES_ERROR;
				GCC_WARN_UNDECLARED_SELECTOR = YES;
				GCC_WARN_UNINITIALIZED_AUTOS = YES_AGGRESSIVE;
				GCC_WARN_UNUSED_FUNCTION = YES;
				GCC_WARN_UNUSED_VARIABLE = YES;
				IPHONEOS_DEPLOYMENT_TARGET = 8.1;
				MTL_ENABLE_DEBUG_INFO = YES;
				ONLY_ACTIVE_ARCH = YES;
				SDKROOT = iphoneos;
			};
			name = Debug;
		};
		F9C2F5661A8915BF00342CE8 /* Release */ = {
			isa = XCBuildConfiguration;
			buildSettings = {
				ALWAYS_SEARCH_USER_PATHS = NO;
				CLANG_CXX_LANGUAGE_STANDARD = "gnu++0x";
				CLANG_CXX_LIBRARY = "libc++";
				CLANG_ENABLE_MODULES = YES;
				CLANG_ENABLE_OBJC_ARC = YES;
				CLANG_WARN_BOOL_CONVERSION = YES;
				CLANG_WARN_CONSTANT_CONVERSION = YES;
				CLANG_WARN_DIRECT_OBJC_ISA_USAGE = YES_ERROR;
				CLANG_WARN_EMPTY_BODY = YES;
				CLANG_WARN_ENUM_CONVERSION = YES;
				CLANG_WARN_INT_CONVERSION = YES;
				CLANG_WARN_OBJC_ROOT_CLASS = YES_ERROR;
				CLANG_WARN_UNREACHABLE_CODE = YES;
				CLANG_WARN__DUPLICATE_METHOD_MATCH = YES;
				"CODE_SIGN_IDENTITY[sdk=iphoneos*]" = "iPhone Developer";
				COPY_PHASE_STRIP = YES;
				ENABLE_NS_ASSERTIONS = NO;
				ENABLE_STRICT_OBJC_MSGSEND = YES;
				GCC_C_LANGUAGE_STANDARD = gnu99;
				GCC_WARN_64_TO_32_BIT_CONVERSION = YES;
				GCC_WARN_ABOUT_RETURN_TYPE = YES_ERROR;
				GCC_WARN_UNDECLARED_SELECTOR = YES;
				GCC_WARN_UNINITIALIZED_AUTOS = YES_AGGRESSIVE;
				GCC_WARN_UNUSED_FUNCTION = YES;
				GCC_WARN_UNUSED_VARIABLE = YES;
				IPHONEOS_DEPLOYMENT_TARGET = 8.1;
				MTL_ENABLE_DEBUG_INFO = NO;
				SDKROOT = iphoneos;
				VALIDATE_PRODUCT = YES;
			};
			name = Release;
		};
		F9C2F5681A8915BF00342CE8 /* Debug */ = {
			isa = XCBuildConfiguration;
			buildSettings = {
				ASSETCATALOG_COMPILER_APPICON_NAME = AppIcon;
				FRAMEWORK_SEARCH_PATHS = (
					"$(inherited)",
					"$(PROJECT_DIR)/parse-library-1.6.2",
				);
				INFOPLIST_FILE = iGotNext/Info.plist;
				LD_RUNPATH_SEARCH_PATHS = "$(inherited) @executable_path/Frameworks";
				PRODUCT_NAME = "$(TARGET_NAME)";
			};
			name = Debug;
		};
		F9C2F5691A8915BF00342CE8 /* Release */ = {
			isa = XCBuildConfiguration;
			buildSettings = {
				ASSETCATALOG_COMPILER_APPICON_NAME = AppIcon;
				FRAMEWORK_SEARCH_PATHS = (
					"$(inherited)",
					"$(PROJECT_DIR)/parse-library-1.6.2",
				);
				INFOPLIST_FILE = iGotNext/Info.plist;
				LD_RUNPATH_SEARCH_PATHS = "$(inherited) @executable_path/Frameworks";
				PRODUCT_NAME = "$(TARGET_NAME)";
			};
			name = Release;
		};
		F9C2F56B1A8915BF00342CE8 /* Debug */ = {
			isa = XCBuildConfiguration;
			buildSettings = {
				BUNDLE_LOADER = "$(TEST_HOST)";
				FRAMEWORK_SEARCH_PATHS = (
					"$(SDKROOT)/Developer/Library/Frameworks",
					"$(inherited)",
				);
				GCC_PREPROCESSOR_DEFINITIONS = (
					"DEBUG=1",
					"$(inherited)",
				);
				INFOPLIST_FILE = iGotNextTests/Info.plist;
				LD_RUNPATH_SEARCH_PATHS = "$(inherited) @executable_path/Frameworks @loader_path/Frameworks";
				PRODUCT_NAME = "$(TARGET_NAME)";
				TEST_HOST = "$(BUILT_PRODUCTS_DIR)/iGotNext.app/iGotNext";
			};
			name = Debug;
		};
		F9C2F56C1A8915BF00342CE8 /* Release */ = {
			isa = XCBuildConfiguration;
			buildSettings = {
				BUNDLE_LOADER = "$(TEST_HOST)";
				FRAMEWORK_SEARCH_PATHS = (
					"$(SDKROOT)/Developer/Library/Frameworks",
					"$(inherited)",
				);
				INFOPLIST_FILE = iGotNextTests/Info.plist;
				LD_RUNPATH_SEARCH_PATHS = "$(inherited) @executable_path/Frameworks @loader_path/Frameworks";
				PRODUCT_NAME = "$(TARGET_NAME)";
				TEST_HOST = "$(BUILT_PRODUCTS_DIR)/iGotNext.app/iGotNext";
			};
			name = Release;
		};
/* End XCBuildConfiguration section */

/* Begin XCConfigurationList section */
		F9C2F53F1A8915BE00342CE8 /* Build configuration list for PBXProject "iGotNext" */ = {
			isa = XCConfigurationList;
			buildConfigurations = (
				F9C2F5651A8915BF00342CE8 /* Debug */,
				F9C2F5661A8915BF00342CE8 /* Release */,
			);
			defaultConfigurationIsVisible = 0;
			defaultConfigurationName = Release;
		};
		F9C2F5671A8915BF00342CE8 /* Build configuration list for PBXNativeTarget "iGotNext" */ = {
			isa = XCConfigurationList;
			buildConfigurations = (
				F9C2F5681A8915BF00342CE8 /* Debug */,
				F9C2F5691A8915BF00342CE8 /* Release */,
			);
			defaultConfigurationIsVisible = 0;
			defaultConfigurationName = Release;
		};
		F9C2F56A1A8915BF00342CE8 /* Build configuration list for PBXNativeTarget "iGotNextTests" */ = {
			isa = XCConfigurationList;
			buildConfigurations = (
				F9C2F56B1A8915BF00342CE8 /* Debug */,
				F9C2F56C1A8915BF00342CE8 /* Release */,
			);
			defaultConfigurationIsVisible = 0;
			defaultConfigurationName = Release;
		};
/* End XCConfigurationList section */
	};
	rootObject = F9C2F53C1A8915BE00342CE8 /* Project object */;
}
